{
	"name": "devops",
	"lockfileVersion": 3,
	"requires": true,
	"packages": {
		"": {
			"dependencies": {
				"@aws-sdk/client-ec2": "3.1078.0",
				"@aws-sdk/client-ecr": "3.1078.0",
				"@aws-sdk/client-lambda": "3.1078.0",
				"@aws-sdk/client-s3": "3.1078.0",
				"@aws-sdk/client-ssm": "3.1078.0",
				"@aws-sdk/client-sts": "3.1078.0",
				"@aws-sdk/credential-providers": "3.1078.0",
				"dotenv": "17.4.2",
				"semver": "7.8.5",
				"yargs": "18.0.0"
			},
			"devDependencies": {
				"@types/node": "25.9.4",
				"@types/semver": "7.7.1",
				"@types/yargs": "17.0.35",
				"tsx": "4.22.4"
			},
			"engines": {
				"node": ">=24.11.1 <24.12.0"
			}
		},
		"node_modules/@aws-sdk/checksums": {
			"version": "3.1000.11",
			"resolved": "https://registry.npmjs.org/@aws-sdk/checksums/-/checksums-3.1000.11.tgz",
			"integrity": "sha512-nW5kNBJBwVxkvBqygBYksS8WUFDO8Ad8OSfsVa+f5KFRRTrHL1rnWZNsWBwc5fC9YvZbET/57+X4hym/jKfV+g==",
			"license": "Apache-2.0",
			"dependencies": {
				"@aws-sdk/core": "^3.974.26",
				"@aws-sdk/types": "^3.973.15",
				"@smithy/core": "^3.29.0",
				"@smithy/types": "^4.15.1",
				"tslib": "^2.6.2"
			},
			"engines": {
				"node": ">=20.0.0"
			}
		},
		"node_modules/@aws-sdk/client-cognito-identity": {
			"version": "3.1078.0",
			"resolved": "https://registry.npmjs.org/@aws-sdk/client-cognito-identity/-/client-cognito-identity-3.1078.0.tgz",
			"integrity": "sha512-BYy0X/+GMXlitKShxkdTsCexWwDrn8usY2Y2Z06M5MSi4aRT3Ce5ilyA6OubQUqOWfsmDMYrm8oBNaTIcQFyrg==",
			"license": "Apache-2.0",
			"dependencies": {
				"@aws-sdk/core": "^3.974.26",
				"@aws-sdk/credential-provider-node": "^3.972.61",
				"@aws-sdk/types": "^3.973.15",
				"@smithy/core": "^3.29.0",
				"@smithy/fetch-http-handler": "^5.6.2",
				"@smithy/node-http-handler": "^4.9.2",
				"@smithy/types": "^4.15.1",
				"tslib": "^2.6.2"
			},
			"engines": {
				"node": ">=20.0.0"
			}
		},
		"node_modules/@aws-sdk/client-ec2": {
			"version": "3.1078.0",
			"resolved": "https://registry.npmjs.org/@aws-sdk/client-ec2/-/client-ec2-3.1078.0.tgz",
			"integrity": "sha512-MSlACaqAjteqr7IJWjvKr6xUfo3SXaM8wjK2DOqiMufM0V+ETd/k9/KfQ0xrA8z3iqYxaQ6Zh82QqIqdX5+F5w==",
			"license": "Apache-2.0",
			"dependencies": {
				"@aws-sdk/core": "^3.974.26",
				"@aws-sdk/credential-provider-node": "^3.972.61",
				"@aws-sdk/middleware-sdk-ec2": "^3.972.40",
				"@aws-sdk/types": "^3.973.15",
				"@smithy/core": "^3.29.0",
				"@smithy/fetch-http-handler": "^5.6.2",
				"@smithy/node-http-handler": "^4.9.2",
				"@smithy/types": "^4.15.1",
				"tslib": "^2.6.2"
			},
			"engines": {
				"node": ">=20.0.0"
			}
		},
		"node_modules/@aws-sdk/client-ecr": {
			"version": "3.1078.0",
			"resolved": "https://registry.npmjs.org/@aws-sdk/client-ecr/-/client-ecr-3.1078.0.tgz",
			"integrity": "sha512-iXV0tVBvT+SCP2SXwjzfc0zWtGOixOXBdeu03GUe+PI2jzZhXd651rDD6w3fSyaG9FcINselQQ5FEy1XaZeTcg==",
			"license": "Apache-2.0",
			"dependencies": {
				"@aws-sdk/core": "^3.974.26",
				"@aws-sdk/credential-provider-node": "^3.972.61",
				"@aws-sdk/types": "^3.973.15",
				"@smithy/core": "^3.29.0",
				"@smithy/fetch-http-handler": "^5.6.2",
				"@smithy/node-http-handler": "^4.9.2",
				"@smithy/types": "^4.15.1",
				"tslib": "^2.6.2"
			},
			"engines": {
				"node": ">=20.0.0"
			}
		},
		"node_modules/@aws-sdk/client-lambda": {
			"version": "3.1078.0",
			"resolved": "https://registry.npmjs.org/@aws-sdk/client-lambda/-/client-lambda-3.1078.0.tgz",
			"integrity": "sha512-p4AiIWWbosEQ/eZuH6aO6mBs05zzbvvswIqZOJ3ZUQvlZ3NCABuvTvZJjsDwdlSz8UzKMZB7UkvzPveIbtH0AA==",
			"license": "Apache-2.0",
			"dependencies": {
				"@aws-sdk/core": "^3.974.26",
				"@aws-sdk/credential-provider-node": "^3.972.61",
				"@aws-sdk/types": "^3.973.15",
				"@smithy/core": "^3.29.0",
				"@smithy/fetch-http-handler": "^5.6.2",
				"@smithy/node-http-handler": "^4.9.2",
				"@smithy/types": "^4.15.1",
				"tslib": "^2.6.2"
			},
			"engines": {
				"node": ">=20.0.0"
			}
		},
		"node_modules/@aws-sdk/client-s3": {
			"version": "3.1078.0",
			"resolved": "https://registry.npmjs.org/@aws-sdk/client-s3/-/client-s3-3.1078.0.tgz",
			"integrity": "sha512-uQMPma3CzTXPKrRfTkhdKLfXocGoEJwBePcI/ca9iWF+re2gbFSDVV9EIcOrK8ke1OV3Jw4ejNmfmgRVlI5b9A==",
			"license": "Apache-2.0",
			"dependencies": {
				"@aws-sdk/checksums": "^3.1000.11",
				"@aws-sdk/core": "^3.974.26",
				"@aws-sdk/credential-provider-node": "^3.972.61",
				"@aws-sdk/middleware-sdk-s3": "^3.972.57",
				"@aws-sdk/signature-v4-multi-region": "^3.996.38",
				"@aws-sdk/types": "^3.973.15",
				"@smithy/core": "^3.29.0",
				"@smithy/fetch-http-handler": "^5.6.2",
				"@smithy/node-http-handler": "^4.9.2",
				"@smithy/types": "^4.15.1",
				"tslib": "^2.6.2"
			},
			"engines": {
				"node": ">=20.0.0"
			}
		},
		"node_modules/@aws-sdk/client-ssm": {
			"version": "3.1078.0",
			"resolved": "https://registry.npmjs.org/@aws-sdk/client-ssm/-/client-ssm-3.1078.0.tgz",
			"integrity": "sha512-KthuEJv8S7SLpJDNQxNjHH5nv1rHE97tSDJY3vvh1hTN5fnTIbg/XGH71ChWfi/ZQDe5sT8jDBjQXKwOxYR6Sw==",
			"license": "Apache-2.0",
			"dependencies": {
				"@aws-sdk/core": "^3.974.26",
				"@aws-sdk/credential-provider-node": "^3.972.61",
				"@aws-sdk/types": "^3.973.15",
				"@smithy/core": "^3.29.0",
				"@smithy/fetch-http-handler": "^5.6.2",
				"@smithy/node-http-handler": "^4.9.2",
				"@smithy/types": "^4.15.1",
				"tslib": "^2.6.2"
			},
			"engines": {
				"node": ">=20.0.0"
			}
		},
		"node_modules/@aws-sdk/client-sts": {
			"version": "3.1078.0",
			"resolved": "https://registry.npmjs.org/@aws-sdk/client-sts/-/client-sts-3.1078.0.tgz",
			"integrity": "sha512-+LZy6Quyn159YmjcbFxR6UNxPvZCFeLWaLkMQFUhP+i82qdORamrhjAwl02cyC9UpInLf4ZqPsKZyLskQOYzlg==",
			"license": "Apache-2.0",
			"dependencies": {
				"@aws-sdk/core": "^3.974.26",
				"@aws-sdk/credential-provider-node": "^3.972.61",
				"@aws-sdk/signature-v4-multi-region": "^3.996.38",
				"@aws-sdk/types": "^3.973.15",
				"@smithy/core": "^3.29.0",
				"@smithy/fetch-http-handler": "^5.6.2",
				"@smithy/node-http-handler": "^4.9.2",
				"@smithy/types": "^4.15.1",
				"tslib": "^2.6.2"
			},
			"engines": {
				"node": ">=20.0.0"
			}
		},
		"node_modules/@aws-sdk/core": {
			"version": "3.974.26",
			"resolved": "https://registry.npmjs.org/@aws-sdk/core/-/core-3.974.26.tgz",
			"integrity": "sha512-wRj7Pthvjk3anees97pUWlxlTa0DUjeGrEQU5fKDZVdWZV0ekaprbof0df2uaE9g8u67t035v2j+ne2AW2UMkA==",
			"license": "Apache-2.0",
			"dependencies": {
				"@aws-sdk/types": "^3.973.15",
				"@aws-sdk/xml-builder": "^3.972.33",
				"@aws/lambda-invoke-store": "^0.2.2",
				"@smithy/core": "^3.29.0",
				"@smithy/signature-v4": "^5.6.1",
				"@smithy/types": "^4.15.1",
				"bowser": "^2.11.0",
				"tslib": "^2.6.2"
			},
			"engines": {
				"node": ">=20.0.0"
			}
		},
		"node_modules/@aws-sdk/credential-provider-cognito-identity": {
			"version": "3.972.51",
			"resolved": "https://registry.npmjs.org/@aws-sdk/credential-provider-cognito-identity/-/credential-provider-cognito-identity-3.972.51.tgz",
			"integrity": "sha512-nXzAwRz0NOiHlG/HHea7oJ2ew2m21XZUU6h2cZMCrlNQqcWjMHCkun4D6E7CWqOxiFG0MeN8Gg5Iakrjv/UXrQ==",
			"license": "Apache-2.0",
			"dependencies": {
				"@aws-sdk/nested-clients": "^3.997.26",
				"@aws-sdk/types": "^3.973.15",
				"@smithy/core": "^3.29.0",
				"@smithy/types": "^4.15.1",
				"tslib": "^2.6.2"
			},
			"engines": {
				"node": ">=20.0.0"
			}
		},
		"node_modules/@aws-sdk/credential-provider-env": {
			"version": "3.972.52",
			"resolved": "https://registry.npmjs.org/@aws-sdk/credential-provider-env/-/credential-provider-env-3.972.52.tgz",
			"integrity": "sha512-sxuaHZGHqOgKB8OdL3doXa1NJjqmO60FPfyTnYVKGjX9taRsIEGS9pd+2yALmo06hijZ8L94uSK0kfXZsRmVyA==",
			"license": "Apache-2.0",
			"dependencies": {
				"@aws-sdk/core": "^3.974.26",
				"@aws-sdk/types": "^3.973.15",
				"@smithy/core": "^3.29.0",
				"@smithy/types": "^4.15.1",
				"tslib": "^2.6.2"
			},
			"engines": {
				"node": ">=20.0.0"
			}
		},
		"node_modules/@aws-sdk/credential-provider-http": {
			"version": "3.972.54",
			"resolved": "https://registry.npmjs.org/@aws-sdk/credential-provider-http/-/credential-provider-http-3.972.54.tgz",
			"integrity": "sha512-e6yz52nq3SpR1oPLcvfsDM7H7k2gIYk/NSn/rwsFqzGXEwr3g0mRMlPbLaKCPCGNZJMU/gZg6/64B3eSam+gBw==",
			"license": "Apache-2.0",
			"dependencies": {
				"@aws-sdk/core": "^3.974.26",
				"@aws-sdk/types": "^3.973.15",
				"@smithy/core": "^3.29.0",
				"@smithy/fetch-http-handler": "^5.6.2",
				"@smithy/node-http-handler": "^4.9.2",
				"@smithy/types": "^4.15.1",
				"tslib": "^2.6.2"
			},
			"engines": {
				"node": ">=20.0.0"
			}
		},
		"node_modules/@aws-sdk/credential-provider-ini": {
			"version": "3.972.59",
			"resolved": "https://registry.npmjs.org/@aws-sdk/credential-provider-ini/-/credential-provider-ini-3.972.59.tgz",
			"integrity": "sha512-9Um/UpruN76AdpiLnvwChVkJJwJ9Vx9ykk/2AeLxxSCM/YYRD8Kkq2towUk9fZQLV7dd9ATlsi87U7hKs0z/iQ==",
			"license": "Apache-2.0",
			"dependencies": {
				"@aws-sdk/core": "^3.974.26",
				"@aws-sdk/credential-provider-env": "^3.972.52",
				"@aws-sdk/credential-provider-http": "^3.972.54",
				"@aws-sdk/credential-provider-login": "^3.972.58",
				"@aws-sdk/credential-provider-process": "^3.972.52",
				"@aws-sdk/credential-provider-sso": "^3.972.58",
				"@aws-sdk/credential-provider-web-identity": "^3.972.58",
				"@aws-sdk/nested-clients": "^3.997.26",
				"@aws-sdk/types": "^3.973.15",
				"@smithy/core": "^3.29.0",
				"@smithy/credential-provider-imds": "^4.4.5",
				"@smithy/types": "^4.15.1",
				"tslib": "^2.6.2"
			},
			"engines": {
				"node": ">=20.0.0"
			}
		},
		"node_modules/@aws-sdk/credential-provider-login": {
			"version": "3.972.58",
			"resolved": "https://registry.npmjs.org/@aws-sdk/credential-provider-login/-/credential-provider-login-3.972.58.tgz",
			"integrity": "sha512-H3q96qF8/DJsPsXMVtMRqSWOc85K5O4zos32untdw+vE5vw0f3a6qJo1YqbND4BsEIKd4iZmzzVUq9kV4LjbHg==",
			"license": "Apache-2.0",
			"dependencies": {
				"@aws-sdk/core": "^3.974.26",
				"@aws-sdk/nested-clients": "^3.997.26",
				"@aws-sdk/types": "^3.973.15",
				"@smithy/core": "^3.29.0",
				"@smithy/types": "^4.15.1",
				"tslib": "^2.6.2"
			},
			"engines": {
				"node": ">=20.0.0"
			}
		},
		"node_modules/@aws-sdk/credential-provider-node": {
			"version": "3.972.61",
			"resolved": "https://registry.npmjs.org/@aws-sdk/credential-provider-node/-/credential-provider-node-3.972.61.tgz",
			"integrity": "sha512-2U2KHMRCt1dlZoLU3KZR5g5EL4b0h2HHw96SkaUBK7qvEXPZj5rGRO/3ZTeJmh37dIYQuCnA2273rZOQvmsiHw==",
			"license": "Apache-2.0",
			"dependencies": {
				"@aws-sdk/credential-provider-env": "^3.972.52",
				"@aws-sdk/credential-provider-http": "^3.972.54",
				"@aws-sdk/credential-provider-ini": "^3.972.59",
				"@aws-sdk/credential-provider-process": "^3.972.52",
				"@aws-sdk/credential-provider-sso": "^3.972.58",
				"@aws-sdk/credential-provider-web-identity": "^3.972.58",
				"@aws-sdk/types": "^3.973.15",
				"@smithy/core": "^3.29.0",
				"@smithy/credential-provider-imds": "^4.4.5",
				"@smithy/types": "^4.15.1",
				"tslib": "^2.6.2"
			},
			"engines": {
				"node": ">=20.0.0"
			}
		},
		"node_modules/@aws-sdk/credential-provider-process": {
			"version": "3.972.52",
			"resolved": "https://registry.npmjs.org/@aws-sdk/credential-provider-process/-/credential-provider-process-3.972.52.tgz",
			"integrity": "sha512-Aff9Ebs42lz+Ep1wkS+Nlwh5S0eahakpyskPsuKGjiBJ6ExOjNtxbfKJTKovQtQNgJ7oG1BH6esJwGrbs7qgSA==",
			"license": "Apache-2.0",
			"dependencies": {
				"@aws-sdk/core": "^3.974.26",
				"@aws-sdk/types": "^3.973.15",
				"@smithy/core": "^3.29.0",
				"@smithy/types": "^4.15.1",
				"tslib": "^2.6.2"
			},
			"engines": {
				"node": ">=20.0.0"
			}
		},
		"node_modules/@aws-sdk/credential-provider-sso": {
			"version": "3.972.58",
			"resolved": "https://registry.npmjs.org/@aws-sdk/credential-provider-sso/-/credential-provider-sso-3.972.58.tgz",
			"integrity": "sha512-syloC58mXOacUqM2toPNfwd7X3jT+tWj0F/cN7qdW1FQyI0q41J0tPf6DIZ56BF0x82iS9j3ALP45MoBz79YuQ==",
			"license": "Apache-2.0",
			"dependencies": {
				"@aws-sdk/core": "^3.974.26",
				"@aws-sdk/nested-clients": "^3.997.26",
				"@aws-sdk/token-providers": "3.1078.0",
				"@aws-sdk/types": "^3.973.15",
				"@smithy/core": "^3.29.0",
				"@smithy/types": "^4.15.1",
				"tslib": "^2.6.2"
			},
			"engines": {
				"node": ">=20.0.0"
			}
		},
		"node_modules/@aws-sdk/credential-provider-web-identity": {
			"version": "3.972.58",
			"resolved": "https://registry.npmjs.org/@aws-sdk/credential-provider-web-identity/-/credential-provider-web-identity-3.972.58.tgz",
			"integrity": "sha512-pTBImKzcGK+pcMKjL0fAJbnYzzYd1c0UDc7BSIOGNQhF9Nuk66vWlIXfYTYyzNSs+w8Q/vfbbNDDU8zdrouwLg==",
			"license": "Apache-2.0",
			"dependencies": {
				"@aws-sdk/core": "^3.974.26",
				"@aws-sdk/nested-clients": "^3.997.26",
				"@aws-sdk/types": "^3.973.15",
				"@smithy/core": "^3.29.0",
				"@smithy/types": "^4.15.1",
				"tslib": "^2.6.2"
			},
			"engines": {
				"node": ">=20.0.0"
			}
		},
		"node_modules/@aws-sdk/credential-providers": {
			"version": "3.1078.0",
			"resolved": "https://registry.npmjs.org/@aws-sdk/credential-providers/-/credential-providers-3.1078.0.tgz",
			"integrity": "sha512-V9Tr3MrNWUfTGgTMIr+WJaMC/VDbXY57BzrGDuyDZn7+vgZjAEG6nI5nMdfnTGdvV9wq1n0zZPYW2RDfcsWNCw==",
			"license": "Apache-2.0",
			"dependencies": {
				"@aws-sdk/client-cognito-identity": "3.1078.0",
				"@aws-sdk/core": "^3.974.26",
				"@aws-sdk/credential-provider-cognito-identity": "^3.972.51",
				"@aws-sdk/credential-provider-env": "^3.972.52",
				"@aws-sdk/credential-provider-http": "^3.972.54",
				"@aws-sdk/credential-provider-ini": "^3.972.59",
				"@aws-sdk/credential-provider-login": "^3.972.58",
				"@aws-sdk/credential-provider-node": "^3.972.61",
				"@aws-sdk/credential-provider-process": "^3.972.52",
				"@aws-sdk/credential-provider-sso": "^3.972.58",
				"@aws-sdk/credential-provider-web-identity": "^3.972.58",
				"@aws-sdk/nested-clients": "^3.997.26",
				"@aws-sdk/types": "^3.973.15",
				"@smithy/core": "^3.29.0",
				"@smithy/credential-provider-imds": "^4.4.5",
				"@smithy/types": "^4.15.1",
				"tslib": "^2.6.2"
			},
			"engines": {
				"node": ">=20.0.0"
			}
		},
		"node_modules/@aws-sdk/middleware-sdk-ec2": {
			"version": "3.972.40",
			"resolved": "https://registry.npmjs.org/@aws-sdk/middleware-sdk-ec2/-/middleware-sdk-ec2-3.972.40.tgz",
			"integrity": "sha512-64E9keSNxgTgN+o9YnWJtz5hHUROI4gyN8kQ/NPNLi1rwBEEk5mfW1RwudZnvP9PMbG3iBRyIL6arhpDmE+Bdg==",
			"license": "Apache-2.0",
			"dependencies": {
				"@aws-sdk/core": "^3.974.26",
				"@aws-sdk/types": "^3.973.15",
				"@smithy/core": "^3.29.0",
				"@smithy/signature-v4": "^5.6.1",
				"@smithy/types": "^4.15.1",
				"tslib": "^2.6.2"
			},
			"engines": {
				"node": ">=20.0.0"
			}
		},
		"node_modules/@aws-sdk/middleware-sdk-s3": {
			"version": "3.972.57",
			"resolved": "https://registry.npmjs.org/@aws-sdk/middleware-sdk-s3/-/middleware-sdk-s3-3.972.57.tgz",
			"integrity": "sha512-E7tRmmUb64LlsoI6pZZRTov21K74Fr/MVgYBeNFfBkFzpF8e2tuJkKd4YGmcNwz0UjDs8fMoS0v/MGgHASIx+Q==",
			"license": "Apache-2.0",
			"dependencies": {
				"@aws-sdk/core": "^3.974.26",
				"@aws-sdk/signature-v4-multi-region": "^3.996.38",
				"@aws-sdk/types": "^3.973.15",
				"@smithy/core": "^3.29.0",
				"@smithy/types": "^4.15.1",
				"tslib": "^2.6.2"
			},
			"engines": {
				"node": ">=20.0.0"
			}
		},
		"node_modules/@aws-sdk/nested-clients": {
			"version": "3.997.26",
			"resolved": "https://registry.npmjs.org/@aws-sdk/nested-clients/-/nested-clients-3.997.26.tgz",
			"integrity": "sha512-Lwe3F6K7bs+jEubp1LbrvzeMBYb5fMazJ1IxV9TtKWPF8CSh67Fmwyq9fLz3NL/k55Dfpuph5Dimw76JFgr+SA==",
			"license": "Apache-2.0",
			"dependencies": {
				"@aws-sdk/core": "^3.974.26",
				"@aws-sdk/signature-v4-multi-region": "^3.996.38",
				"@aws-sdk/types": "^3.973.15",
				"@smithy/core": "^3.29.0",
				"@smithy/fetch-http-handler": "^5.6.2",
				"@smithy/node-http-handler": "^4.9.2",
				"@smithy/types": "^4.15.1",
				"tslib": "^2.6.2"
			},
			"engines": {
				"node": ">=20.0.0"
			}
		},
		"node_modules/@aws-sdk/signature-v4-multi-region": {
			"version": "3.996.38",
			"resolved": "https://registry.npmjs.org/@aws-sdk/signature-v4-multi-region/-/signature-v4-multi-region-3.996.38.tgz",
			"integrity": "sha512-C379Sk+MiFZCfWZphKlMyLHKxV22OjoGM5KJjj5IJNJcOCWL4IGIpnEGzv1FQiRwhYXfq55SJMfxlqPE08JJ9g==",
			"license": "Apache-2.0",
			"dependencies": {
				"@aws-sdk/types": "^3.973.15",
				"@smithy/signature-v4": "^5.6.1",
				"@smithy/types": "^4.15.1",
				"tslib": "^2.6.2"
			},
			"engines": {
				"node": ">=20.0.0"
			}
		},
		"node_modules/@aws-sdk/token-providers": {
			"version": "3.1078.0",
			"resolved": "https://registry.npmjs.org/@aws-sdk/token-providers/-/token-providers-3.1078.0.tgz",
			"integrity": "sha512-/uyXLBGu3Lw1GbBA2X66hcOMnKtMcqAIF+3/eHfxBQmUeXF2sdqozDPrTfEr/TnSd0D6deZar+eVyhEqqWu29w==",
			"license": "Apache-2.0",
			"dependencies": {
				"@aws-sdk/core": "^3.974.26",
				"@aws-sdk/nested-clients": "^3.997.26",
				"@aws-sdk/types": "^3.973.15",
				"@smithy/core": "^3.29.0",
				"@smithy/types": "^4.15.1",
				"tslib": "^2.6.2"
			},
			"engines": {
				"node": ">=20.0.0"
			}
		},
		"node_modules/@aws-sdk/types": {
			"version": "3.973.15",
			"resolved": "https://registry.npmjs.org/@aws-sdk/types/-/types-3.973.15.tgz",
			"integrity": "sha512-IULn8uBV/SMtmOIANsm4WHXIOtVPBWfOWs3WGL0j/sI+KhaYehvOw0ET+9urnn8MBpiijuU/0JOpuwKOE451PQ==",
			"license": "Apache-2.0",
			"dependencies": {
				"@smithy/types": "^4.15.1",
				"tslib": "^2.6.2"
			},
			"engines": {
				"node": ">=20.0.0"
			}
		},
		"node_modules/@aws-sdk/xml-builder": {
			"version": "3.972.33",
			"resolved": "https://registry.npmjs.org/@aws-sdk/xml-builder/-/xml-builder-3.972.33.tgz",
			"integrity": "sha512-ezbwz9WpuLctm6o7P2t2naDhVVPI5jFGrVefVybhcKGjU57VIyT46pQVO0RI2RYkUdhdj2Z9uSIlAzGZE9NW9A==",
			"license": "Apache-2.0",
			"dependencies": {
				"@smithy/types": "^4.15.1",
				"tslib": "^2.6.2"
			},
			"engines": {
				"node": ">=20.0.0"
			}
		},
		"node_modules/@aws/lambda-invoke-store": {
			"version": "0.2.4",
			"resolved": "https://registry.npmjs.org/@aws/lambda-invoke-store/-/lambda-invoke-store-0.2.4.tgz",
			"integrity": "sha512-iY8yvjE0y651BixKNPgmv1WrQc+GZ142sb0z4gYnChDDY2YqI4P/jsSopBWrKfAt7LOJAkOXt7rC/hms+WclQQ==",
			"license": "Apache-2.0",
			"engines": {
				"node": ">=18.0.0"
			}
		},
		"node_modules/@esbuild/aix-ppc64": {
			"version": "0.28.1",
			"resolved": "https://registry.npmjs.org/@esbuild/aix-ppc64/-/aix-ppc64-0.28.1.tgz",
			"integrity": "sha512-Svl7tq8k/08+p6CXPpRjQ1fKX+1odH/BQbb48fV6fj3CWHhsoIOoY87w1oHXm0qEpkIK3ZfVgp0hed3XBXzXMQ==",
			"cpu": [
				"ppc64"
			],
			"dev": true,
			"license": "MIT",
			"optional": true,
			"os": [
				"aix"
			],
			"engines": {
				"node": ">=18"
			}
		},
		"node_modules/@esbuild/android-arm": {
			"version": "0.28.1",
			"resolved": "https://registry.npmjs.org/@esbuild/android-arm/-/android-arm-0.28.1.tgz",
			"integrity": "sha512-0k2F129Xdio1TdJfzJ8sy1Q47vUD2NnwdhiAf7drUN1EBTfPf4hsFCtmMgu/6m8JSzsBrlmVjudMBQqOfG8usQ==",
			"cpu": [
				"arm"
			],
			"dev": true,
			"license": "MIT",
			"optional": true,
			"os": [
				"android"
			],
			"engines": {
				"node": ">=18"
			}
		},
		"node_modules/@esbuild/android-arm64": {
			"version": "0.28.1",
			"resolved": "https://registry.npmjs.org/@esbuild/android-arm64/-/android-arm64-0.28.1.tgz",
			"integrity": "sha512-34EGEbCIAgosYz6goLcopX6Mo7NyGv9tfwEM2/7Ce2VcVRk568iSvniGWcUXIy7wEDR1wzolcxcriFVrWYcwBg==",
			"cpu": [
				"arm64"
			],
			"dev": true,
			"license": "MIT",
			"optional": true,
			"os": [
				"android"
			],
			"engines": {
				"node": ">=18"
			}
		},
		"node_modules/@esbuild/android-x64": {
			"version": "0.28.1",
			"resolved": "https://registry.npmjs.org/@esbuild/android-x64/-/android-x64-0.28.1.tgz",
			"integrity": "sha512-dbwY7ltSMDWsRatcRpCnES4F+im88OCUgGZjy52shC7GqHRE/cYlxNbB4Z4UpJswpcc4Qxd2oE/ufM0p61IKng==",
			"cpu": [
				"x64"
			],
			"dev": true,
			"license": "MIT",
			"optional": true,
			"os": [
				"android"
			],
			"engines": {
				"node": ">=18"
			}
		},
		"node_modules/@esbuild/darwin-arm64": {
			"version": "0.28.1",
			"resolved": "https://registry.npmjs.org/@esbuild/darwin-arm64/-/darwin-arm64-0.28.1.tgz",
			"integrity": "sha512-TZbWkQY7kvTAXbXUT7uVACR5cMHsDiSz9z7ZKAX/RTq/WJEk3QyRr0wZpNhBDX+/0CtdqUIJlOiodQcta6tY3Q==",
			"cpu": [
				"arm64"
			],
			"dev": true,
			"license": "MIT",
			"optional": true,
			"os": [
				"darwin"
			],
			"engines": {
				"node": ">=18"
			}
		},
		"node_modules/@esbuild/darwin-x64": {
			"version": "0.28.1",
			"resolved": "https://registry.npmjs.org/@esbuild/darwin-x64/-/darwin-x64-0.28.1.tgz",
			"integrity": "sha512-zfdzgK9ACBNZLI/CyHTOx81SyNbM6YXn7rxSgX97VjyiPl9W1i4Ka4fgKECEoFCKGpvBj5qArWIGgQjOwkgskQ==",
			"cpu": [
				"x64"
			],
			"dev": true,
			"license": "MIT",
			"optional": true,
			"os": [
				"darwin"
			],
			"engines": {
				"node": ">=18"
			}
		},
		"node_modules/@esbuild/freebsd-arm64": {
			"version": "0.28.1",
			"resolved": "https://registry.npmjs.org/@esbuild/freebsd-arm64/-/freebsd-arm64-0.28.1.tgz",
			"integrity": "sha512-wG2EA8ENdEI0qhkSZMjfqrdY+ziCYCPMmtZjjIwOmXFjmyzEHn+UUxk5of+SYsjtfs3VpnlC7QLzSI5hY/rOAw==",
			"cpu": [
				"arm64"
			],
			"dev": true,
			"license": "MIT",
			"optional": true,
			"os": [
				"freebsd"
			],
			"engines": {
				"node": ">=18"
			}
		},
		"node_modules/@esbuild/freebsd-x64": {
			"version": "0.28.1",
			"resolved": "https://registry.npmjs.org/@esbuild/freebsd-x64/-/freebsd-x64-0.28.1.tgz",
			"integrity": "sha512-i7dZ9vQgnvSCzi/rYCXNgtF/U+eKZNJBzu3eTQbRgHnM7tNSizLOkRFAl3qzVc/Op/u5YkHHa4pf/3DOYHthLQ==",
			"cpu": [
				"x64"
			],
			"dev": true,
			"license": "MIT",
			"optional": true,
			"os": [
				"freebsd"
			],
			"engines": {
				"node": ">=18"
			}
		},
		"node_modules/@esbuild/linux-arm": {
			"version": "0.28.1",
			"resolved": "https://registry.npmjs.org/@esbuild/linux-arm/-/linux-arm-0.28.1.tgz",
			"integrity": "sha512-qVXBOHQS+d5Y722GwJzJUtOLlX7km3CraOaGormF1pDtPd2C/l1SHRPgjLunLGe51Sh5YYWKMFDyV4SxgMQYTQ==",
			"cpu": [
				"arm"
			],
			"dev": true,
			"license": "MIT",
			"optional": true,
			"os": [
				"linux"
			],
			"engines": {
				"node": ">=18"
			}
		},
		"node_modules/@esbuild/linux-arm64": {
			"version": "0.28.1",
			"resolved": "https://registry.npmjs.org/@esbuild/linux-arm64/-/linux-arm64-0.28.1.tgz",
			"integrity": "sha512-yHs+0uc8+nvEAfAfxrWQKK5peSNzBc4PegcMO0EJ2hT71uA7vB8Ihg2e77R2P7SG5uYjPbHlLLmve4LLLRCf0g==",
			"cpu": [
				"arm64"
			],
			"dev": true,
			"license": "MIT",
			"optional": true,
			"os": [
				"linux"
			],
			"engines": {
				"node": ">=18"
			}
		},
		"node_modules/@esbuild/linux-ia32": {
			"version": "0.28.1",
			"resolved": "https://registry.npmjs.org/@esbuild/linux-ia32/-/linux-ia32-0.28.1.tgz",
			"integrity": "sha512-d1z4ZuP0ajrfz/FhGT4vv278rX8KnPPJx8i5+AtK7TYbx9Le9F1hyzurZpkEyjkGa9dUGhQow4C1NmeGvqxN2w==",
			"cpu": [
				"ia32"
			],
			"dev": true,
			"license": "MIT",
			"optional": true,
			"os": [
				"linux"
			],
			"engines": {
				"node": ">=18"
			}
		},
		"node_modules/@esbuild/linux-loong64": {
			"version": "0.28.1",
			"resolved": "https://registry.npmjs.org/@esbuild/linux-loong64/-/linux-loong64-0.28.1.tgz",
			"integrity": "sha512-M5sRjUVZrkm1OAPR3dlOYzNmN+loZKGVi1VUQGrwuqLcbR6qeAz+famMhjASeH3YVKvZz+zT1jlh/keC3Rj/lg==",
			"cpu": [
				"loong64"
			],
			"dev": true,
			"license": "MIT",
			"optional": true,
			"os": [
				"linux"
			],
			"engines": {
				"node": ">=18"
			}
		},
		"node_modules/@esbuild/linux-mips64el": {
			"version": "0.28.1",
			"resolved": "https://registry.npmjs.org/@esbuild/linux-mips64el/-/linux-mips64el-0.28.1.tgz",
			"integrity": "sha512-mRObBZeHh2OxcBFPWE/FjylkRgZdYuiTR3vaTozquCGOH14iP9oN4x4Ge81CoIDYQrXmIxpFumJBu5MtZpnQJQ==",
			"cpu": [
				"mips64el"
			],
			"dev": true,
			"license": "MIT",
			"optional": true,
			"os": [
				"linux"
			],
			"engines": {
				"node": ">=18"
			}
		},
		"node_modules/@esbuild/linux-ppc64": {
			"version": "0.28.1",
			"resolved": "https://registry.npmjs.org/@esbuild/linux-ppc64/-/linux-ppc64-0.28.1.tgz",
			"integrity": "sha512-slScBsMAb3GFDcdrCgLwZtPYRoH2H/youv10QiZyRjmsP48fznoveWytSgCI/R0ZcUgpc0ZhIUEx6LHts8yrfQ==",
			"cpu": [
				"ppc64"
			],
			"dev": true,
			"license": "MIT",
			"optional": true,
			"os": [
				"linux"
			],
			"engines": {
				"node": ">=18"
			}
		},
		"node_modules/@esbuild/linux-riscv64": {
			"version": "0.28.1",
			"resolved": "https://registry.npmjs.org/@esbuild/linux-riscv64/-/linux-riscv64-0.28.1.tgz",
			"integrity": "sha512-kw0owk1o0GFETUJyW0jc0G4Yzs0BHZn0JDZ8JRT088vjJYX777BAs1fDGxAC+q831qOs2DTC96mNsG2opdfyyQ==",
			"cpu": [
				"riscv64"
			],
			"dev": true,
			"license": "MIT",
			"optional": true,
			"os": [
				"linux"
			],
			"engines": {
				"node": ">=18"
			}
		},
		"node_modules/@esbuild/linux-s390x": {
			"version": "0.28.1",
			"resolved": "https://registry.npmjs.org/@esbuild/linux-s390x/-/linux-s390x-0.28.1.tgz",
			"integrity": "sha512-/lAIjX8aYFRByhh6L5rYtPEDRqa9de/4V/juOXcta5frjvzXO4/sqEtyytse0g3zZFuWu5cDN0MkLz2qRDD2Ag==",
			"cpu": [
				"s390x"
			],
			"dev": true,
			"license": "MIT",
			"optional": true,
			"os": [
				"linux"
			],
			"engines": {
				"node": ">=18"
			}
		},
		"node_modules/@esbuild/linux-x64": {
			"version": "0.28.1",
			"resolved": "https://registry.npmjs.org/@esbuild/linux-x64/-/linux-x64-0.28.1.tgz",
			"integrity": "sha512-u/anNYF2mmVOEDwLtnQ1wOr3EZ9sTNGLWrsYGYwHWzGA3Si84IOkHXlbWTD1NB+9/1lcnweYKO54uhxZydNzfA==",
			"cpu": [
				"x64"
			],
			"dev": true,
			"license": "MIT",
			"optional": true,
			"os": [
				"linux"
			],
			"engines": {
				"node": ">=18"
			}
		},
		"node_modules/@esbuild/netbsd-arm64": {
			"version": "0.28.1",
			"resolved": "https://registry.npmjs.org/@esbuild/netbsd-arm64/-/netbsd-arm64-0.28.1.tgz",
			"integrity": "sha512-oks0DYbLwWMmaakTsCb+zL4E+aHRVLom9IJZOAthMQEPiQmydXHkziYEsGYRx0uNV/IjEKGAV941JzH02pflqw==",
			"cpu": [
				"arm64"
			],
			"dev": true,
			"license": "MIT",
			"optional": true,
			"os": [
				"netbsd"
			],
			"engines": {
				"node": ">=18"
			}
		},
		"node_modules/@esbuild/netbsd-x64": {
			"version": "0.28.1",
			"resolved": "https://registry.npmjs.org/@esbuild/netbsd-x64/-/netbsd-x64-0.28.1.tgz",
			"integrity": "sha512-aeL6lAnN89Hz43Mlh1G8ARasbuoYvSITDEx0tHh5b7jJnHcssqgjy9Yx430GDpmCa6OyrKoS0aNRjKundRizGg==",
			"cpu": [
				"x64"
			],
			"dev": true,
			"license": "MIT",
			"optional": true,
			"os": [
				"netbsd"
			],
			"engines": {
				"node": ">=18"
			}
		},
		"node_modules/@esbuild/openbsd-arm64": {
			"version": "0.28.1",
			"resolved": "https://registry.npmjs.org/@esbuild/openbsd-arm64/-/openbsd-arm64-0.28.1.tgz",
			"integrity": "sha512-MEFJe5C3R8pwXdZ5Y21oo6m7ePiS0d9pWucn99O/wvyJZChoIQKrQDxKrGeW8F5+T0okTHesAmDeiHDTIq0V/Q==",
			"cpu": [
				"arm64"
			],
			"dev": true,
			"license": "MIT",
			"optional": true,
			"os": [
				"openbsd"
			],
			"engines": {
				"node": ">=18"
			}
		},
		"node_modules/@esbuild/openbsd-x64": {
			"version": "0.28.1",
			"resolved": "https://registry.npmjs.org/@esbuild/openbsd-x64/-/openbsd-x64-0.28.1.tgz",
			"integrity": "sha512-i/ZLIOafE0Z8cI/XANJAixoJL/uRAoS2xOA3rb0xN+KK0K177cMAsQYkzHtBrtMXAKuAc7HGgcWiZ/sRC1Nxgw==",
			"cpu": [
				"x64"
			],
			"dev": true,
			"license": "MIT",
			"optional": true,
			"os": [
				"openbsd"
			],
			"engines": {
				"node": ">=18"
			}
		},
		"node_modules/@esbuild/openharmony-arm64": {
			"version": "0.28.1",
			"resolved": "https://registry.npmjs.org/@esbuild/openharmony-arm64/-/openharmony-arm64-0.28.1.tgz",
			"integrity": "sha512-ge+Z7EXFNt2BO1oAMsVpiQ8EwndV9i1xXerAeTIK7AtPs3bKFXQM7nlRxDSIUIMeueR1CNXxqztLzdNeReKBJg==",
			"cpu": [
				"arm64"
			],
			"dev": true,
			"license": "MIT",
			"optional": true,
			"os": [
				"openharmony"
			],
			"engines": {
				"node": ">=18"
			}
		},
		"node_modules/@esbuild/sunos-x64": {
			"version": "0.28.1",
			"resolved": "https://registry.npmjs.org/@esbuild/sunos-x64/-/sunos-x64-0.28.1.tgz",
			"integrity": "sha512-BEjgtECkL3vY+SaSQ6nzVfiALUeFxpawyp8Jmf5PtYhf1Ug40N1h/hxlhts+f1FvSvarEigdxS3BlSMI2PJLcQ==",
			"cpu": [
				"x64"
			],
			"dev": true,
			"license": "MIT",
			"optional": true,
			"os": [
				"sunos"
			],
			"engines": {
				"node": ">=18"
			}
		},
		"node_modules/@esbuild/win32-arm64": {
			"version": "0.28.1",
			"resolved": "https://registry.npmjs.org/@esbuild/win32-arm64/-/win32-arm64-0.28.1.tgz",
			"integrity": "sha512-lCv9eK/H6ZJWbE7bh2nw54CZ9M2nupBxJcTsdk/QQnWkdSjKGuxmmH8/GWrlT1eMmZfn4dGcCjRte397WqfQXA==",
			"cpu": [
				"arm64"
			],
			"dev": true,
			"license": "MIT",
			"optional": true,
			"os": [
				"win32"
			],
			"engines": {
				"node": ">=18"
			}
		},
		"node_modules/@esbuild/win32-ia32": {
			"version": "0.28.1",
			"resolved": "https://registry.npmjs.org/@esbuild/win32-ia32/-/win32-ia32-0.28.1.tgz",
			"integrity": "sha512-zvb/mB2bSCoJOpoCBgYKKpX6YM6mJBlBUVUtVj41DlZJVEB6/0CKlRYxP5wWl1C1ILiCoAU5wZZ4q1P3qeS6Eg==",
			"cpu": [
				"ia32"
			],
			"dev": true,
			"license": "MIT",
			"optional": true,
			"os": [
				"win32"
			],
			"engines": {
				"node": ">=18"
			}
		},
		"node_modules/@esbuild/win32-x64": {
			"version": "0.28.1",
			"resolved": "https://registry.npmjs.org/@esbuild/win32-x64/-/win32-x64-0.28.1.tgz",
			"integrity": "sha512-bm4Mowrv+GXMlpWX++EcXw/iLyd1o3+bJkC2DkWXYVvgZCqD/bSj9ctZeAMC3cIxgjRVR2Dufaiu4YPxr5gW1A==",
			"cpu": [
				"x64"
			],
			"dev": true,
			"license": "MIT",
			"optional": true,
			"os": [
				"win32"
			],
			"engines": {
				"node": ">=18"
			}
		},
		"node_modules/@smithy/core": {
			"version": "3.29.0",
			"resolved": "https://registry.npmjs.org/@smithy/core/-/core-3.29.0.tgz",
			"integrity": "sha512-sEvpvkBVoMxjoek35XyJFn2ZD3EJ1RpiZrT47WaZodxzAIWS44zkdvbqGE/ZlugtjiQp62cffYZ9ldyRkjAGnA==",
			"license": "Apache-2.0",
			"dependencies": {
				"@smithy/types": "^4.15.1",
				"tslib": "^2.6.2"
			},
			"engines": {
				"node": ">=18.0.0"
			}
		},
		"node_modules/@smithy/credential-provider-imds": {
			"version": "4.4.5",
			"resolved": "https://registry.npmjs.org/@smithy/credential-provider-imds/-/credential-provider-imds-4.4.5.tgz",
			"integrity": "sha512-LnjUTNG0GgQlKIq7IioeOrPaEmC5xOd1WtAz24TLSiYQnWX2uHr53GrFuQhkrJBktPYCMga/NbUOW7hFbSA2Cg==",
			"license": "Apache-2.0",
			"dependencies": {
				"@smithy/core": "^3.29.0",
				"@smithy/types": "^4.15.1",
				"tslib": "^2.6.2"
			},
			"engines": {
				"node": ">=18.0.0"
			}
		},
		"node_modules/@smithy/fetch-http-handler": {
			"version": "5.6.2",
			"resolved": "https://registry.npmjs.org/@smithy/fetch-http-handler/-/fetch-http-handler-5.6.2.tgz",
			"integrity": "sha512-q96PSDOAGw+X+nuELd7Cjebps0SYr+YlPbviEX9sLVw+VM4M7VV8hn1nL1mGS6urDu33eQ5A7WhlphaDO6kUyQ==",
			"license": "Apache-2.0",
			"dependencies": {
				"@smithy/core": "^3.29.0",
				"@smithy/types": "^4.15.1",
				"tslib": "^2.6.2"
			},
			"engines": {
				"node": ">=18.0.0"
			}
		},
		"node_modules/@smithy/node-http-handler": {
			"version": "4.9.2",
			"resolved": "https://registry.npmjs.org/@smithy/node-http-handler/-/node-http-handler-4.9.2.tgz",
			"integrity": "sha512-s0yAIRj6TVfHgl+QzVyqal1KMGZ9B5512IrxKc6+dOpw8fUmFL3CvuAhjv0J+aNjUPfVZ2IhqPEDvkB5Ncx9oA==",
			"license": "Apache-2.0",
			"dependencies": {
				"@smithy/core": "^3.29.0",
				"@smithy/types": "^4.15.1",
				"tslib": "^2.6.2"
			},
			"engines": {
				"node": ">=18.0.0"
			}
		},
		"node_modules/@smithy/signature-v4": {
			"version": "5.6.1",
			"resolved": "https://registry.npmjs.org/@smithy/signature-v4/-/signature-v4-5.6.1.tgz",
			"integrity": "sha512-SqvuP75p/DmgWWI7jv4kf/UW+V4LFmlUn19s604SgAcRuJRB1vDnWwzZMYCLUcmKxko9wDn6iLgGEIpTNgZbIQ==",
			"license": "Apache-2.0",
			"dependencies": {
				"@smithy/core": "^3.29.0",
				"@smithy/types": "^4.15.1",
				"tslib": "^2.6.2"
			},
			"engines": {
				"node": ">=18.0.0"
			}
		},
		"node_modules/@smithy/types": {
			"version": "4.15.1",
			"resolved": "https://registry.npmjs.org/@smithy/types/-/types-4.15.1.tgz",
			"integrity": "sha512-x3L0XSACF6UYzKpa9biqiRMgvH5+wnFFew9Tm/grFYqgaupPwx/+ojDPpPJM8dZON3S9tjz5U+PQYsCBd1Mw5Q==",
			"license": "Apache-2.0",
			"dependencies": {
				"tslib": "^2.6.2"
			},
			"engines": {
				"node": ">=18.0.0"
			}
		},
		"node_modules/@types/node": {
			"version": "25.9.4",
			"resolved": "https://registry.npmjs.org/@types/node/-/node-25.9.4.tgz",
			"integrity": "sha512-dszCsrKb5U7ZsVZBWiHFklTloVl0mSEnWH/iZXfZUlI4rzCUnsvGmgqfuVRHL54ugE7/wRuxEIXRa2iMZ+BG6g==",
			"dev": true,
			"license": "MIT",
			"dependencies": {
				"undici-types": ">=7.24.0 <7.24.7"
			}
		},
		"node_modules/@types/semver": {
			"version": "7.7.1",
			"resolved": "https://registry.npmjs.org/@types/semver/-/semver-7.7.1.tgz",
			"integrity": "sha512-FmgJfu+MOcQ370SD0ev7EI8TlCAfKYU+B4m5T3yXc1CiRN94g/SZPtsCkk506aUDtlMnFZvasDwHHUcZUEaYuA==",
			"dev": true,
			"license": "MIT"
		},
		"node_modules/@types/yargs": {
			"version": "17.0.35",
			"resolved": "https://registry.npmjs.org/@types/yargs/-/yargs-17.0.35.tgz",
			"integrity": "sha512-qUHkeCyQFxMXg79wQfTtfndEC+N9ZZg76HJftDJp+qH2tV7Gj4OJi7l+PiWwJ+pWtW8GwSmqsDj/oymhrTWXjg==",
			"dev": true,
			"license": "MIT",
			"dependencies": {
				"@types/yargs-parser": "*"
			}
		},
		"node_modules/@types/yargs-parser": {
			"version": "21.0.3",
			"resolved": "https://registry.npmjs.org/@types/yargs-parser/-/yargs-parser-21.0.3.tgz",
			"integrity": "sha512-I4q9QU9MQv4oEOz4tAHJtNz1cwuLxn2F3xcc2iV5WdqLPpUnj30aUuxt1mAxYTG+oe8CZMV/+6rU4S4gRDzqtQ==",
			"dev": true,
			"license": "MIT"
		},
		"node_modules/ansi-regex": {
			"version": "6.2.2",
			"resolved": "https://registry.npmjs.org/ansi-regex/-/ansi-regex-6.2.2.tgz",
			"integrity": "sha512-Bq3SmSpyFHaWjPk8If9yc6svM8c56dB5BAtW4Qbw5jHTwwXXcTLoRMkpDJp6VL0XzlWaCHTXrkFURMYmD0sLqg==",
			"license": "MIT",
			"engines": {
				"node": ">=12"
			},
			"funding": {
				"url": "https://github.com/chalk/ansi-regex?sponsor=1"
			}
		},
		"node_modules/ansi-styles": {
			"version": "6.2.3",
			"resolved": "https://registry.npmjs.org/ansi-styles/-/ansi-styles-6.2.3.tgz",
			"integrity": "sha512-4Dj6M28JB+oAH8kFkTLUo+a2jwOFkuqb3yucU0CANcRRUbxS0cP0nZYCGjcc3BNXwRIsUVmDGgzawme7zvJHvg==",
			"license": "MIT",
			"engines": {
				"node": ">=12"
			},
			"funding": {
				"url": "https://github.com/chalk/ansi-styles?sponsor=1"
			}
		},
		"node_modules/bowser": {
			"version": "2.14.1",
			"resolved": "https://registry.npmjs.org/bowser/-/bowser-2.14.1.tgz",
			"integrity": "sha512-tzPjzCxygAKWFOJP011oxFHs57HzIhOEracIgAePE4pqB3LikALKnSzUyU4MGs9/iCEUuHlAJTjTc5M+u7YEGg==",
			"license": "MIT"
		},
		"node_modules/cliui": {
			"version": "9.0.1",
			"resolved": "https://registry.npmjs.org/cliui/-/cliui-9.0.1.tgz",
			"integrity": "sha512-k7ndgKhwoQveBL+/1tqGJYNz097I7WOvwbmmU2AR5+magtbjPWQTS1C5vzGkBC8Ym8UWRzfKUzUUqFLypY4Q+w==",
			"license": "ISC",
			"dependencies": {
				"string-width": "^7.2.0",
				"strip-ansi": "^7.1.0",
				"wrap-ansi": "^9.0.0"
			},
			"engines": {
				"node": ">=20"
			}
		},
		"node_modules/dotenv": {
			"version": "17.4.2",
			"resolved": "https://registry.npmjs.org/dotenv/-/dotenv-17.4.2.tgz",
			"integrity": "sha512-nI4U3TottKAcAD9LLud4Cb7b2QztQMUEfHbvhTH09bqXTxnSie8WnjPALV/WMCrJZ6UV/qHJ6L03OqO3LcdYZw==",
			"license": "BSD-2-Clause",
			"engines": {
				"node": ">=12"
			},
			"funding": {
				"url": "https://dotenvx.com"
			}
		},
		"node_modules/emoji-regex": {
			"version": "10.6.0",
			"resolved": "https://registry.npmjs.org/emoji-regex/-/emoji-regex-10.6.0.tgz",
			"integrity": "sha512-toUI84YS5YmxW219erniWD0CIVOo46xGKColeNQRgOzDorgBi1v4D71/OFzgD9GO2UGKIv1C3Sp8DAn0+j5w7A==",
			"license": "MIT"
		},
		"node_modules/esbuild": {
			"version": "0.28.1",
			"resolved": "https://registry.npmjs.org/esbuild/-/esbuild-0.28.1.tgz",
			"integrity": "sha512-HrJrvZv5ayxBzPfwphOoNzkzOIIlifzk0KJrGK2c8R4+LKpMtpYLQeUdjnwjWv/LZlkH2laZk+4w78pi99D4Vw==",
			"dev": true,
			"hasInstallScript": true,
			"license": "MIT",
			"bin": {
				"esbuild": "bin/esbuild"
			},
			"engines": {
				"node": ">=18"
			},
			"optionalDependencies": {
				"@esbuild/aix-ppc64": "0.28.1",
				"@esbuild/android-arm": "0.28.1",
				"@esbuild/android-arm64": "0.28.1",
				"@esbuild/android-x64": "0.28.1",
				"@esbuild/darwin-arm64": "0.28.1",
				"@esbuild/darwin-x64": "0.28.1",
				"@esbuild/freebsd-arm64": "0.28.1",
				"@esbuild/freebsd-x64": "0.28.1",
				"@esbuild/linux-arm": "0.28.1",
				"@esbuild/linux-arm64": "0.28.1",
				"@esbuild/linux-ia32": "0.28.1",
				"@esbuild/linux-loong64": "0.28.1",
				"@esbuild/linux-mips64el": "0.28.1",
				"@esbuild/linux-ppc64": "0.28.1",
				"@esbuild/linux-riscv64": "0.28.1",
				"@esbuild/linux-s390x": "0.28.1",
				"@esbuild/linux-x64": "0.28.1",
				"@esbuild/netbsd-arm64": "0.28.1",
				"@esbuild/netbsd-x64": "0.28.1",
				"@esbuild/openbsd-arm64": "0.28.1",
				"@esbuild/openbsd-x64": "0.28.1",
				"@esbuild/openharmony-arm64": "0.28.1",
				"@esbuild/sunos-x64": "0.28.1",
				"@esbuild/win32-arm64": "0.28.1",
				"@esbuild/win32-ia32": "0.28.1",
				"@esbuild/win32-x64": "0.28.1"
			}
		},
		"node_modules/escalade": {
			"version": "3.2.0",
			"resolved": "https://registry.npmjs.org/escalade/-/escalade-3.2.0.tgz",
			"integrity": "sha512-WUj2qlxaQtO4g6Pq5c29GTcWGDyd8itL8zTlipgECz3JesAiiOKotd8JU6otB3PACgG6xkJUyVhboMS+bje/jA==",
			"license": "MIT",
			"engines": {
				"node": ">=6"
			}
		},
		"node_modules/fsevents": {
			"version": "2.3.3",
			"resolved": "https://registry.npmjs.org/fsevents/-/fsevents-2.3.3.tgz",
			"integrity": "sha512-5xoDfX+fL7faATnagmWPpbFtwh/R77WmMMqqHGS65C3vvB0YHrgF+B1YmZ3441tMj5n63k0212XNoJwzlhffQw==",
			"dev": true,
			"hasInstallScript": true,
			"license": "MIT",
			"optional": true,
			"os": [
				"darwin"
			],
			"engines": {
				"node": "^8.16.0 || ^10.6.0 || >=11.0.0"
			}
		},
		"node_modules/get-caller-file": {
			"version": "2.0.5",
			"resolved": "https://registry.npmjs.org/get-caller-file/-/get-caller-file-2.0.5.tgz",
			"integrity": "sha512-DyFP3BM/3YHTQOCUL/w0OZHR0lpKeGrxotcHWcqNEdnltqFwXVfhEBQ94eIo34AfQpo0rGki4cyIiftY06h2Fg==",
			"license": "ISC",
			"engines": {
				"node": "6.* || 8.* || >= 10.*"
			}
		},
		"node_modules/get-east-asian-width": {
			"version": "1.6.0",
			"resolved": "https://registry.npmjs.org/get-east-asian-width/-/get-east-asian-width-1.6.0.tgz",
			"integrity": "sha512-QRbvDIbx6YklUe6RxeTeleMR0yv3cYH6PsPZHcnVn7xv7zO1BHN8r0XETu8n6Ye3Q+ahtSarc3WgtNWmehIBfA==",
			"license": "MIT",
			"engines": {
				"node": ">=18"
			},
			"funding": {
				"url": "https://github.com/sponsors/sindresorhus"
			}
		},
		"node_modules/semver": {
			"version": "7.8.5",
			"resolved": "https://registry.npmjs.org/semver/-/semver-7.8.5.tgz",
			"integrity": "sha512-Y7/KDsb8LjooZpwaqGyulO6DQlksgCncchHGk+sZIY4SBvUocMBEFH5Ur1fI4dV+Jvl0w6cjvucaIi40puRioA==",
			"license": "ISC",
			"bin": {
				"semver": "bin/semver.js"
			},
			"engines": {
				"node": ">=10"
			}
		},
		"node_modules/string-width": {
			"version": "7.2.0",
			"resolved": "https://registry.npmjs.org/string-width/-/string-width-7.2.0.tgz",
			"integrity": "sha512-tsaTIkKW9b4N+AEj+SVA+WhJzV7/zMhcSu78mLKWSk7cXMOSHsBKFWUs0fWwq8QyK3MgJBQRX6Gbi4kYbdvGkQ==",
			"license": "MIT",
			"dependencies": {
				"emoji-regex": "^10.3.0",
				"get-east-asian-width": "^1.0.0",
				"strip-ansi": "^7.1.0"
			},
			"engines": {
				"node": ">=18"
			},
			"funding": {
				"url": "https://github.com/sponsors/sindresorhus"
			}
		},
		"node_modules/strip-ansi": {
			"version": "7.2.0",
			"resolved": "https://registry.npmjs.org/strip-ansi/-/strip-ansi-7.2.0.tgz",
			"integrity": "sha512-yDPMNjp4WyfYBkHnjIRLfca1i6KMyGCtsVgoKe/z1+6vukgaENdgGBZt+ZmKPc4gavvEZ5OgHfHdrazhgNyG7w==",
			"license": "MIT",
			"dependencies": {
				"ansi-regex": "^6.2.2"
			},
			"engines": {
				"node": ">=12"
			},
			"funding": {
				"url": "https://github.com/chalk/strip-ansi?sponsor=1"
			}
		},
		"node_modules/tslib": {
			"version": "2.8.1",
			"resolved": "https://registry.npmjs.org/tslib/-/tslib-2.8.1.tgz",
			"integrity": "sha512-oJFu94HQb+KVduSUQL7wnpmqnfmLsOA/nAh6b6EH0wCEoK0/mPeXU6c3wKDV83MkOuHPRHtSXKKU99IBazS/2w==",
			"license": "0BSD"
		},
		"node_modules/tsx": {
			"version": "4.22.4",
			"resolved": "https://registry.npmjs.org/tsx/-/tsx-4.22.4.tgz",
			"integrity": "sha512-X8EX+XV4QR5xCsrgxaED954zTDfY8KqlDtskKEL0cHhyS/P8b4IFOvGDQpsC9Q1XnLq915wEfwwY/zzskCtmhg==",
			"dev": true,
			"license": "MIT",
			"dependencies": {
				"esbuild": "~0.28.0"
			},
			"bin": {
				"tsx": "dist/cli.mjs"
			},
			"engines": {
				"node": ">=18.0.0"
			},
			"optionalDependencies": {
				"fsevents": "~2.3.3"
			}
		},
		"node_modules/undici-types": {
			"version": "7.24.6",
			"resolved": "https://registry.npmjs.org/undici-types/-/undici-types-7.24.6.tgz",
			"integrity": "sha512-WRNW+sJgj5OBN4/0JpHFqtqzhpbnV0GuB+OozA9gCL7a993SmU+1JBZCzLNxYsbMfIeDL+lTsphD5jN5N+n0zg==",
			"dev": true,
			"license": "MIT"
		},
		"node_modules/wrap-ansi": {
			"version": "9.0.2",
			"resolved": "https://registry.npmjs.org/wrap-ansi/-/wrap-ansi-9.0.2.tgz",
			"integrity": "sha512-42AtmgqjV+X1VpdOfyTGOYRi0/zsoLqtXQckTmqTeybT+BDIbM/Guxo7x3pE2vtpr1ok6xRqM9OpBe+Jyoqyww==",
			"license": "MIT",
			"dependencies": {
				"ansi-styles": "^6.2.1",
				"string-width": "^7.0.0",
				"strip-ansi": "^7.1.0"
			},
			"engines": {
				"node": ">=18"
			},
			"funding": {
				"url": "https://github.com/chalk/wrap-ansi?sponsor=1"
			}
		},
		"node_modules/y18n": {
			"version": "5.0.8",
			"resolved": "https://registry.npmjs.org/y18n/-/y18n-5.0.8.tgz",
			"integrity": "sha512-0pfFzegeDWJHJIAmTLRP2DwHjdF5s7jo9tuztdQxAhINCdvS+3nGINqPd00AphqJR/0LhANUS6/+7SCb98YOfA==",
			"license": "ISC",
			"engines": {
				"node": ">=10"
			}
		},
		"node_modules/yargs": {
			"version": "18.0.0",
			"resolved": "https://registry.npmjs.org/yargs/-/yargs-18.0.0.tgz",
			"integrity": "sha512-4UEqdc2RYGHZc7Doyqkrqiln3p9X2DZVxaGbwhn2pi7MrRagKaOcIKe8L3OxYcbhXLgLFUS3zAYuQjKBQgmuNg==",
			"license": "MIT",
			"dependencies": {
				"cliui": "^9.0.1",
				"escalade": "^3.1.1",
				"get-caller-file": "^2.0.5",
				"string-width": "^7.2.0",
				"y18n": "^5.0.5",
				"yargs-parser": "^22.0.0"
			},
			"engines": {
				"node": "^20.19.0 || ^22.12.0 || >=23"
			}
		},
		"node_modules/yargs-parser": {
			"version": "22.0.0",
			"resolved": "https://registry.npmjs.org/yargs-parser/-/yargs-parser-22.0.0.tgz",
			"integrity": "sha512-rwu/ClNdSMpkSrUb+d6BRsSkLUq1fmfsY6TOpYzTwvwkg1/NRG85KBy3kq++A8LKQwX6lsu+aWad+2khvuXrqw==",
			"license": "ISC",
			"engines": {
				"node": "^20.19.0 || ^22.12.0 || >=23"
			}
		}
	}
}
