{
	"name": "devops",
	"lockfileVersion": 3,
	"requires": true,
	"packages": {
		"": {
			"dependencies": {
				"@aws-sdk/client-ec2": "3.1142.0",
				"@aws-sdk/client-ecr": "3.1142.0",
				"@aws-sdk/client-lambda": "3.1142.0",
				"@aws-sdk/client-s3": "3.1142.0",
				"@aws-sdk/client-ssm": "3.1142.0",
				"@aws-sdk/client-sts": "3.1142.0",
				"@aws-sdk/credential-providers": "3.1142.0",
				"dotenv": "18.0.4",
				"semver": "7.8.5",
				"yargs": "18.2.0"
			},
			"devDependencies": {
				"@types/node": "26.6.3",
				"@types/semver": "7.8.0",
				"@types/yargs": "17.0.35",
				"tsx": "4.23.15"
			},
			"engines": {
				"node": ">=26.10.0 <27"
			}
		},
		"node_modules/@aws-sdk/checksums": {
			"version": "3.1001.1",
			"resolved": "https://registry.npmjs.org/@aws-sdk/checksums/-/checksums-3.1001.1.tgz",
			"integrity": "sha512-x12Q17KYlJAd3nKf8LV5LV0vt8sh8/6YfQLGPtrGnQf/tW4jqxPGq5GPpuVitpQYM3eUR4XB7CbxZf751NMbLw==",
			"license": "Apache-2.0",
			"dependencies": {
				"@aws-sdk/core": "^3.978.1",
				"@aws-sdk/types": "^3.974.6",
				"@smithy/core": "^3.35.0",
				"@smithy/types": "^4.19.0",
				"tslib": "^2.6.2"
			},
			"engines": {
				"node": ">=20.0.0"
			}
		},
		"node_modules/@aws-sdk/client-ec2": {
			"version": "3.1142.0",
			"resolved": "https://registry.npmjs.org/@aws-sdk/client-ec2/-/client-ec2-3.1142.0.tgz",
			"integrity": "sha512-ZCgMJhk7whwmXj97RuoyONA97u+Mrokxj22oa2GcVLxvtJbpvUdhb0QYWN1ttqLpQlFg5RyGSKzwleAj6iWqAQ==",
			"license": "Apache-2.0",
			"dependencies": {
				"@aws-sdk/core": "^3.978.1",
				"@aws-sdk/credential-provider-node": "^3.972.84",
				"@aws-sdk/middleware-sdk-ec2": "^3.972.60",
				"@aws-sdk/types": "^3.974.6",
				"@smithy/core": "^3.35.0",
				"@smithy/fetch-http-handler": "^5.8.0",
				"@smithy/node-http-handler": "^4.12.1",
				"@smithy/types": "^4.19.0",
				"tslib": "^2.6.2"
			},
			"engines": {
				"node": ">=20.0.0"
			}
		},
		"node_modules/@aws-sdk/client-ecr": {
			"version": "3.1142.0",
			"resolved": "https://registry.npmjs.org/@aws-sdk/client-ecr/-/client-ecr-3.1142.0.tgz",
			"integrity": "sha512-1F3BE2w/uZxDMpb+6it/OLXon2tlcMod385N1zTAUMiS+BaOLP7ndJfy1AtXrQ60ur1cLBHQIMbLvpe2vtR0NA==",
			"license": "Apache-2.0",
			"dependencies": {
				"@aws-sdk/core": "^3.978.1",
				"@aws-sdk/credential-provider-node": "^3.972.84",
				"@aws-sdk/types": "^3.974.6",
				"@smithy/core": "^3.35.0",
				"@smithy/fetch-http-handler": "^5.8.0",
				"@smithy/node-http-handler": "^4.12.1",
				"@smithy/types": "^4.19.0",
				"tslib": "^2.6.2"
			},
			"engines": {
				"node": ">=20.0.0"
			}
		},
		"node_modules/@aws-sdk/client-lambda": {
			"version": "3.1142.0",
			"resolved": "https://registry.npmjs.org/@aws-sdk/client-lambda/-/client-lambda-3.1142.0.tgz",
			"integrity": "sha512-ghWus+szEAkqCAHELHLRmev/k8EaTIhuSStsqcGIugHgPy6wePMS5OC+jkC1JBTLb9CooMEzAt6MLYLc/EvnIg==",
			"license": "Apache-2.0",
			"dependencies": {
				"@aws-sdk/core": "^3.978.1",
				"@aws-sdk/credential-provider-node": "^3.972.84",
				"@aws-sdk/types": "^3.974.6",
				"@smithy/core": "^3.35.0",
				"@smithy/fetch-http-handler": "^5.8.0",
				"@smithy/node-http-handler": "^4.12.1",
				"@smithy/types": "^4.19.0",
				"tslib": "^2.6.2"
			},
			"engines": {
				"node": ">=20.0.0"
			}
		},
		"node_modules/@aws-sdk/client-s3": {
			"version": "3.1142.0",
			"resolved": "https://registry.npmjs.org/@aws-sdk/client-s3/-/client-s3-3.1142.0.tgz",
			"integrity": "sha512-OC9AcGMFOsBc95YSPWH3O7DE6RUTy7jqeOpVvzO2Dv3rw3w4vQRK+YdLXIbO2yXfmx3N59Y55yAJdDRJFMQK3Q==",
			"license": "Apache-2.0",
			"dependencies": {
				"@aws-sdk/checksums": "^3.1001.1",
				"@aws-sdk/core": "^3.978.1",
				"@aws-sdk/credential-provider-node": "^3.972.84",
				"@aws-sdk/middleware-sdk-s3": "^3.972.77",
				"@aws-sdk/signature-v4-multi-region": "^3.996.47",
				"@aws-sdk/types": "^3.974.6",
				"@smithy/core": "^3.35.0",
				"@smithy/fetch-http-handler": "^5.8.0",
				"@smithy/node-http-handler": "^4.12.1",
				"@smithy/types": "^4.19.0",
				"tslib": "^2.6.2"
			},
			"engines": {
				"node": ">=20.0.0"
			}
		},
		"node_modules/@aws-sdk/client-ssm": {
			"version": "3.1142.0",
			"resolved": "https://registry.npmjs.org/@aws-sdk/client-ssm/-/client-ssm-3.1142.0.tgz",
			"integrity": "sha512-Z1OHRppaMMVVqLsg2+fzCTw7WtEWcusvUh1RKnHfFWjazMC8VBqbJmewtGFXO14w5oq7ruaygWcFHRltCkZhLQ==",
			"license": "Apache-2.0",
			"dependencies": {
				"@aws-sdk/core": "^3.978.1",
				"@aws-sdk/credential-provider-node": "^3.972.84",
				"@aws-sdk/types": "^3.974.6",
				"@smithy/core": "^3.35.0",
				"@smithy/fetch-http-handler": "^5.8.0",
				"@smithy/node-http-handler": "^4.12.1",
				"@smithy/types": "^4.19.0",
				"tslib": "^2.6.2"
			},
			"engines": {
				"node": ">=20.0.0"
			}
		},
		"node_modules/@aws-sdk/client-sts": {
			"version": "3.1142.0",
			"resolved": "https://registry.npmjs.org/@aws-sdk/client-sts/-/client-sts-3.1142.0.tgz",
			"integrity": "sha512-PVMWaJuXnl6pk0hHFrLOGsOmfgk8B6RPrl2ZHygNR/zcVsSoKe5K5Od+CQDNVW0dMGqxcPzNDQvt+FqTo6LrZQ==",
			"license": "Apache-2.0",
			"dependencies": {
				"@aws-sdk/core": "^3.978.1",
				"@aws-sdk/credential-provider-node": "^3.972.84",
				"@aws-sdk/signature-v4-multi-region": "^3.996.47",
				"@aws-sdk/types": "^3.974.6",
				"@smithy/core": "^3.35.0",
				"@smithy/fetch-http-handler": "^5.8.0",
				"@smithy/node-http-handler": "^4.12.1",
				"@smithy/types": "^4.19.0",
				"tslib": "^2.6.2"
			},
			"engines": {
				"node": ">=20.0.0"
			}
		},
		"node_modules/@aws-sdk/core": {
			"version": "3.978.1",
			"resolved": "https://registry.npmjs.org/@aws-sdk/core/-/core-3.978.1.tgz",
			"integrity": "sha512-LbY9aGsEiznDWmUc30Nwv3aIX/+dbwTx8KfS0yOC3NPYMO+O91e6jkT1azf34FwjOndq8/Q+RcVVZz5xnerwdg==",
			"license": "Apache-2.0",
			"dependencies": {
				"@aws-sdk/types": "^3.974.6",
				"@aws-sdk/xml-builder": "^3.972.41",
				"@aws/lambda-invoke-store": "^0.3.0",
				"@smithy/core": "^3.35.0",
				"@smithy/signature-v4": "^5.7.3",
				"@smithy/types": "^4.19.0",
				"bowser": "^2.11.0",
				"tslib": "^2.6.2"
			},
			"engines": {
				"node": ">=20.0.0"
			}
		},
		"node_modules/@aws-sdk/credential-provider-cognito-identity": {
			"version": "3.972.71",
			"resolved": "https://registry.npmjs.org/@aws-sdk/credential-provider-cognito-identity/-/credential-provider-cognito-identity-3.972.71.tgz",
			"integrity": "sha512-rsxsi8tF3vMGdWdaHQNXceHBdb49442yR2Pe08K+Phoc/yICbptdsHwL25Wf0z5+hjhSS5a+hDJHP7Xul4zvHQ==",
			"license": "Apache-2.0",
			"dependencies": {
				"@aws-sdk/nested-clients": "^3.997.46",
				"@aws-sdk/types": "^3.974.6",
				"@smithy/core": "^3.35.0",
				"@smithy/types": "^4.19.0",
				"tslib": "^2.6.2"
			},
			"engines": {
				"node": ">=20.0.0"
			}
		},
		"node_modules/@aws-sdk/credential-provider-env": {
			"version": "3.972.72",
			"resolved": "https://registry.npmjs.org/@aws-sdk/credential-provider-env/-/credential-provider-env-3.972.72.tgz",
			"integrity": "sha512-xTKO/FWJPozTIXbozVnVGoNBhaGba8TBcx+KyUjRVeOlXE+dUc7GTR1cLvu0uTdIdmemzaFbqqCshXeZA1fZew==",
			"license": "Apache-2.0",
			"dependencies": {
				"@aws-sdk/core": "^3.978.1",
				"@aws-sdk/types": "^3.974.6",
				"@smithy/core": "^3.35.0",
				"@smithy/types": "^4.19.0",
				"tslib": "^2.6.2"
			},
			"engines": {
				"node": ">=20.0.0"
			}
		},
		"node_modules/@aws-sdk/credential-provider-http": {
			"version": "3.972.74",
			"resolved": "https://registry.npmjs.org/@aws-sdk/credential-provider-http/-/credential-provider-http-3.972.74.tgz",
			"integrity": "sha512-u91E/hT8f4d1xy0Jl7VG4nVKJ3lxbrZkoBTeSVoJdWBiSEUMwMS/9+e0H/aJVQV//Lt5wuzP+E69v4aRSsNTmw==",
			"license": "Apache-2.0",
			"dependencies": {
				"@aws-sdk/core": "^3.978.1",
				"@aws-sdk/types": "^3.974.6",
				"@smithy/core": "^3.35.0",
				"@smithy/fetch-http-handler": "^5.8.0",
				"@smithy/node-http-handler": "^4.12.1",
				"@smithy/types": "^4.19.0",
				"tslib": "^2.6.2"
			},
			"engines": {
				"node": ">=20.0.0"
			}
		},
		"node_modules/@aws-sdk/credential-provider-ini": {
			"version": "3.973.17",
			"resolved": "https://registry.npmjs.org/@aws-sdk/credential-provider-ini/-/credential-provider-ini-3.973.17.tgz",
			"integrity": "sha512-ged4KXdBkvIC81bLvNHHuQKdKak/VXhQTR1NWYTTqW0474nlmsxy9O/vlgTIohDDWH3xpBdtVMZRyjb+DnocDA==",
			"license": "Apache-2.0",
			"dependencies": {
				"@aws-sdk/core": "^3.978.1",
				"@aws-sdk/credential-provider-env": "^3.972.72",
				"@aws-sdk/credential-provider-http": "^3.972.74",
				"@aws-sdk/credential-provider-login": "^3.972.79",
				"@aws-sdk/credential-provider-process": "^3.972.72",
				"@aws-sdk/credential-provider-sso": "^3.973.16",
				"@aws-sdk/credential-provider-web-identity": "^3.972.78",
				"@aws-sdk/nested-clients": "^3.997.46",
				"@aws-sdk/types": "^3.974.6",
				"@smithy/core": "^3.35.0",
				"@smithy/credential-provider-imds": "^4.5.2",
				"@smithy/types": "^4.19.0",
				"tslib": "^2.6.2"
			},
			"engines": {
				"node": ">=20.0.0"
			}
		},
		"node_modules/@aws-sdk/credential-provider-login": {
			"version": "3.972.79",
			"resolved": "https://registry.npmjs.org/@aws-sdk/credential-provider-login/-/credential-provider-login-3.972.79.tgz",
			"integrity": "sha512-L+Z85anONJd8MaiuraO4wRxATCdEejBZ3K3eymzWI5JPXa9sOS9CkIm72PBKqXKX+Z9p9NGMX5AIMXm0LEflgw==",
			"license": "Apache-2.0",
			"dependencies": {
				"@aws-sdk/core": "^3.978.1",
				"@aws-sdk/nested-clients": "^3.997.46",
				"@aws-sdk/types": "^3.974.6",
				"@smithy/core": "^3.35.0",
				"@smithy/types": "^4.19.0",
				"tslib": "^2.6.2"
			},
			"engines": {
				"node": ">=20.0.0"
			}
		},
		"node_modules/@aws-sdk/credential-provider-node": {
			"version": "3.972.84",
			"resolved": "https://registry.npmjs.org/@aws-sdk/credential-provider-node/-/credential-provider-node-3.972.84.tgz",
			"integrity": "sha512-oHt854odINVwzwsh+c5x69j0ajm4DbqqqVJ+O1ECsCIZeMDAbzFpXItaqP7UZstJj/ATdTk/KFSH0LaNAgV+kA==",
			"license": "Apache-2.0",
			"dependencies": {
				"@aws-sdk/credential-provider-env": "^3.972.72",
				"@aws-sdk/credential-provider-http": "^3.972.74",
				"@aws-sdk/credential-provider-ini": "^3.973.17",
				"@aws-sdk/credential-provider-process": "^3.972.72",
				"@aws-sdk/credential-provider-sso": "^3.973.16",
				"@aws-sdk/credential-provider-web-identity": "^3.972.78",
				"@aws-sdk/types": "^3.974.6",
				"@smithy/core": "^3.35.0",
				"@smithy/credential-provider-imds": "^4.5.2",
				"@smithy/types": "^4.19.0",
				"tslib": "^2.6.2"
			},
			"engines": {
				"node": ">=20.0.0"
			}
		},
		"node_modules/@aws-sdk/credential-provider-process": {
			"version": "3.972.72",
			"resolved": "https://registry.npmjs.org/@aws-sdk/credential-provider-process/-/credential-provider-process-3.972.72.tgz",
			"integrity": "sha512-rLIp2xbMjX/k9/od7APpqq1ZgXXnV0pOL1Th3ZsL8Wu0TRtBsDTVS8iPqcfRFcHakFxPvR04OSTv2ka2qOb/2A==",
			"license": "Apache-2.0",
			"dependencies": {
				"@aws-sdk/core": "^3.978.1",
				"@aws-sdk/types": "^3.974.6",
				"@smithy/core": "^3.35.0",
				"@smithy/types": "^4.19.0",
				"tslib": "^2.6.2"
			},
			"engines": {
				"node": ">=20.0.0"
			}
		},
		"node_modules/@aws-sdk/credential-provider-sso": {
			"version": "3.973.16",
			"resolved": "https://registry.npmjs.org/@aws-sdk/credential-provider-sso/-/credential-provider-sso-3.973.16.tgz",
			"integrity": "sha512-IGihaJfFZYacJJr/odqILCoK7W/mvrZ7cuK7ECn3sAu4vLC6u0V8bS7mCGbdugJ8Aum2tnvqmx0F2MRFp2rn9g==",
			"license": "Apache-2.0",
			"dependencies": {
				"@aws-sdk/core": "^3.978.1",
				"@aws-sdk/nested-clients": "^3.997.46",
				"@aws-sdk/token-providers": "3.1138.0",
				"@aws-sdk/types": "^3.974.6",
				"@smithy/core": "^3.35.0",
				"@smithy/types": "^4.19.0",
				"tslib": "^2.6.2"
			},
			"engines": {
				"node": ">=20.0.0"
			}
		},
		"node_modules/@aws-sdk/credential-provider-web-identity": {
			"version": "3.972.78",
			"resolved": "https://registry.npmjs.org/@aws-sdk/credential-provider-web-identity/-/credential-provider-web-identity-3.972.78.tgz",
			"integrity": "sha512-/y9WvNtlcPBGLR0qc1a+9J/xtYZfVczvLUOuXaVWylzttH7ewsxwHtjmiJSolNrVSDorIxHGHMU61CbonRkmwA==",
			"license": "Apache-2.0",
			"dependencies": {
				"@aws-sdk/core": "^3.978.1",
				"@aws-sdk/nested-clients": "^3.997.46",
				"@aws-sdk/types": "^3.974.6",
				"@smithy/core": "^3.35.0",
				"@smithy/types": "^4.19.0",
				"tslib": "^2.6.2"
			},
			"engines": {
				"node": ">=20.0.0"
			}
		},
		"node_modules/@aws-sdk/credential-providers": {
			"version": "3.1142.0",
			"resolved": "https://registry.npmjs.org/@aws-sdk/credential-providers/-/credential-providers-3.1142.0.tgz",
			"integrity": "sha512-3FA/yoY+lcMhnky6LQNY5FTWsFOz/KeJYbHhnC/Ls14SN1W/7nf2YxcnZJ3Lx65+qHxnaE7J4z8UH59Gpsc3sg==",
			"license": "Apache-2.0",
			"dependencies": {
				"@aws-sdk/core": "^3.978.1",
				"@aws-sdk/credential-provider-cognito-identity": "^3.972.71",
				"@aws-sdk/credential-provider-env": "^3.972.72",
				"@aws-sdk/credential-provider-http": "^3.972.74",
				"@aws-sdk/credential-provider-ini": "^3.973.17",
				"@aws-sdk/credential-provider-login": "^3.972.79",
				"@aws-sdk/credential-provider-node": "^3.972.84",
				"@aws-sdk/credential-provider-process": "^3.972.72",
				"@aws-sdk/credential-provider-sso": "^3.973.16",
				"@aws-sdk/credential-provider-web-identity": "^3.972.78",
				"@aws-sdk/nested-clients": "^3.997.46",
				"@aws-sdk/types": "^3.974.6",
				"@smithy/core": "^3.35.0",
				"@smithy/credential-provider-imds": "^4.5.2",
				"@smithy/types": "^4.19.0",
				"tslib": "^2.6.2"
			},
			"engines": {
				"node": ">=20.0.0"
			}
		},
		"node_modules/@aws-sdk/middleware-sdk-ec2": {
			"version": "3.972.60",
			"resolved": "https://registry.npmjs.org/@aws-sdk/middleware-sdk-ec2/-/middleware-sdk-ec2-3.972.60.tgz",
			"integrity": "sha512-d162hehtR9IJuVUfMpAIfeZhjQdYyXRH/QbQWehD5bffJoIQKJ51o/M2YSMubw6X4k5bDtSzVHIYcsna7GBLpw==",
			"license": "Apache-2.0",
			"dependencies": {
				"@aws-sdk/core": "^3.978.1",
				"@aws-sdk/types": "^3.974.6",
				"@smithy/core": "^3.35.0",
				"@smithy/signature-v4": "^5.7.3",
				"@smithy/types": "^4.19.0",
				"tslib": "^2.6.2"
			},
			"engines": {
				"node": ">=20.0.0"
			}
		},
		"node_modules/@aws-sdk/middleware-sdk-s3": {
			"version": "3.972.77",
			"resolved": "https://registry.npmjs.org/@aws-sdk/middleware-sdk-s3/-/middleware-sdk-s3-3.972.77.tgz",
			"integrity": "sha512-E7W2UOeUoc+lg3uIfR/dM7ZwusHwhBQrKMnlkRv4EXRR+C0YtV1pg25xC7GdZIhXH+NAMgZPCbE7o5to2cjFiw==",
			"license": "Apache-2.0",
			"dependencies": {
				"@aws-sdk/core": "^3.978.1",
				"@aws-sdk/signature-v4-multi-region": "^3.996.47",
				"@aws-sdk/types": "^3.974.6",
				"@smithy/core": "^3.35.0",
				"@smithy/types": "^4.19.0",
				"tslib": "^2.6.2"
			},
			"engines": {
				"node": ">=20.0.0"
			}
		},
		"node_modules/@aws-sdk/nested-clients": {
			"version": "3.997.46",
			"resolved": "https://registry.npmjs.org/@aws-sdk/nested-clients/-/nested-clients-3.997.46.tgz",
			"integrity": "sha512-oRxtBcka/JGHGs9l9p9IVajGoTP8vTPmoAzdHGy4Qcy9P5vPnDf6nhIeM/COQNY9k/OahImTRaLkHftoXvfcmQ==",
			"license": "Apache-2.0",
			"dependencies": {
				"@aws-sdk/core": "^3.978.1",
				"@aws-sdk/signature-v4-multi-region": "^3.996.47",
				"@aws-sdk/types": "^3.974.6",
				"@smithy/core": "^3.35.0",
				"@smithy/fetch-http-handler": "^5.8.0",
				"@smithy/node-http-handler": "^4.12.1",
				"@smithy/types": "^4.19.0",
				"tslib": "^2.6.2"
			},
			"engines": {
				"node": ">=20.0.0"
			}
		},
		"node_modules/@aws-sdk/signature-v4-multi-region": {
			"version": "3.996.47",
			"resolved": "https://registry.npmjs.org/@aws-sdk/signature-v4-multi-region/-/signature-v4-multi-region-3.996.47.tgz",
			"integrity": "sha512-Zk08macMvQTHzQJCLJVkOlviVoqwYMrpXv4lmLN7b7sAbiMoOK7Go0NYdR5UeF+MW8LIbRmwrNy9u/5VvX1U5g==",
			"license": "Apache-2.0",
			"dependencies": {
				"@aws-sdk/types": "^3.974.6",
				"@smithy/signature-v4": "^5.7.3",
				"@smithy/types": "^4.19.0",
				"tslib": "^2.6.2"
			},
			"engines": {
				"node": ">=20.0.0"
			}
		},
		"node_modules/@aws-sdk/token-providers": {
			"version": "3.1138.0",
			"resolved": "https://registry.npmjs.org/@aws-sdk/token-providers/-/token-providers-3.1138.0.tgz",
			"integrity": "sha512-GpyAr0DD63YOEmYFM6Df+gJuIgC92MMTiBK4FTKfxii5MJ9ge20epR7LyroulscYlG89J+ZB2ivFDPjvfQhzdw==",
			"license": "Apache-2.0",
			"dependencies": {
				"@aws-sdk/core": "^3.978.1",
				"@aws-sdk/nested-clients": "^3.997.46",
				"@aws-sdk/types": "^3.974.6",
				"@smithy/core": "^3.35.0",
				"@smithy/types": "^4.19.0",
				"tslib": "^2.6.2"
			},
			"engines": {
				"node": ">=20.0.0"
			}
		},
		"node_modules/@aws-sdk/types": {
			"version": "3.974.6",
			"resolved": "https://registry.npmjs.org/@aws-sdk/types/-/types-3.974.6.tgz",
			"integrity": "sha512-v/clNZzZnDxGyvpHMOGpJKVXFAExJzUNAAjaWGdcx8QAcXLGwTaOkw33p5SHAi0YAioK32xB3hWwOekRVfmfKg==",
			"license": "Apache-2.0",
			"dependencies": {
				"@smithy/types": "^4.19.0",
				"tslib": "^2.6.2"
			},
			"engines": {
				"node": ">=20.0.0"
			}
		},
		"node_modules/@aws-sdk/xml-builder": {
			"version": "3.972.41",
			"resolved": "https://registry.npmjs.org/@aws-sdk/xml-builder/-/xml-builder-3.972.41.tgz",
			"integrity": "sha512-ctjVSyCMegrWfXlx6VqzSBFI6UqmQ5ZlnfMhdLIiWmhoH8UAQxSCP5N3OpG7X3k4LnS7ou74C4mt20+bfTW2aQ==",
			"license": "Apache-2.0",
			"dependencies": {
				"@smithy/types": "^4.19.0",
				"tslib": "^2.6.2"
			},
			"engines": {
				"node": ">=20.0.0"
			}
		},
		"node_modules/@aws/lambda-invoke-store": {
			"version": "0.3.0",
			"resolved": "https://registry.npmjs.org/@aws/lambda-invoke-store/-/lambda-invoke-store-0.3.0.tgz",
			"integrity": "sha512-sl4Bm6yiMNYrZKkqqDFWN0UfnWhlS8ivKxrYl+6t0gCLrqr8y3B2IqZZbFRkfaVVp7C/baApyh71P+LeE1A2sQ==",
			"license": "Apache-2.0",
			"engines": {
				"node": ">=18.0.0"
			}
		},
		"node_modules/@esbuild/aix-ppc64": {
			"version": "0.28.1",
			"resolved": "https://registry.npmjs.org/@esbuild/aix-ppc64/-/aix-ppc64-0.28.1.tgz",
			"integrity": "sha512-Svl7tq8k/08+p6CXPpRjQ1fKX+1odH/BQbb48fV6fj3CWHhsoIOoY87w1oHXm0qEpkIK3ZfVgp0hed3XBXzXMQ==",
			"cpu": [
				"ppc64"
			],
			"dev": true,
			"license": "MIT",
			"optional": true,
			"os": [
				"aix"
			],
			"engines": {
				"node": ">=18"
			}
		},
		"node_modules/@esbuild/android-arm": {
			"version": "0.28.1",
			"resolved": "https://registry.npmjs.org/@esbuild/android-arm/-/android-arm-0.28.1.tgz",
			"integrity": "sha512-0k2F129Xdio1TdJfzJ8sy1Q47vUD2NnwdhiAf7drUN1EBTfPf4hsFCtmMgu/6m8JSzsBrlmVjudMBQqOfG8usQ==",
			"cpu": [
				"arm"
			],
			"dev": true,
			"license": "MIT",
			"optional": true,
			"os": [
				"android"
			],
			"engines": {
				"node": ">=18"
			}
		},
		"node_modules/@esbuild/android-arm64": {
			"version": "0.28.1",
			"resolved": "https://registry.npmjs.org/@esbuild/android-arm64/-/android-arm64-0.28.1.tgz",
			"integrity": "sha512-34EGEbCIAgosYz6goLcopX6Mo7NyGv9tfwEM2/7Ce2VcVRk568iSvniGWcUXIy7wEDR1wzolcxcriFVrWYcwBg==",
			"cpu": [
				"arm64"
			],
			"dev": true,
			"license": "MIT",
			"optional": true,
			"os": [
				"android"
			],
			"engines": {
				"node": ">=18"
			}
		},
		"node_modules/@esbuild/android-x64": {
			"version": "0.28.1",
			"resolved": "https://registry.npmjs.org/@esbuild/android-x64/-/android-x64-0.28.1.tgz",
			"integrity": "sha512-dbwY7ltSMDWsRatcRpCnES4F+im88OCUgGZjy52shC7GqHRE/cYlxNbB4Z4UpJswpcc4Qxd2oE/ufM0p61IKng==",
			"cpu": [
				"x64"
			],
			"dev": true,
			"license": "MIT",
			"optional": true,
			"os": [
				"android"
			],
			"engines": {
				"node": ">=18"
			}
		},
		"node_modules/@esbuild/darwin-arm64": {
			"version": "0.28.1",
			"resolved": "https://registry.npmjs.org/@esbuild/darwin-arm64/-/darwin-arm64-0.28.1.tgz",
			"integrity": "sha512-TZbWkQY7kvTAXbXUT7uVACR5cMHsDiSz9z7ZKAX/RTq/WJEk3QyRr0wZpNhBDX+/0CtdqUIJlOiodQcta6tY3Q==",
			"cpu": [
				"arm64"
			],
			"dev": true,
			"license": "MIT",
			"optional": true,
			"os": [
				"darwin"
			],
			"engines": {
				"node": ">=18"
			}
		},
		"node_modules/@esbuild/darwin-x64": {
			"version": "0.28.1",
			"resolved": "https://registry.npmjs.org/@esbuild/darwin-x64/-/darwin-x64-0.28.1.tgz",
			"integrity": "sha512-zfdzgK9ACBNZLI/CyHTOx81SyNbM6YXn7rxSgX97VjyiPl9W1i4Ka4fgKECEoFCKGpvBj5qArWIGgQjOwkgskQ==",
			"cpu": [
				"x64"
			],
			"dev": true,
			"license": "MIT",
			"optional": true,
			"os": [
				"darwin"
			],
			"engines": {
				"node": ">=18"
			}
		},
		"node_modules/@esbuild/freebsd-arm64": {
			"version": "0.28.1",
			"resolved": "https://registry.npmjs.org/@esbuild/freebsd-arm64/-/freebsd-arm64-0.28.1.tgz",
			"integrity": "sha512-wG2EA8ENdEI0qhkSZMjfqrdY+ziCYCPMmtZjjIwOmXFjmyzEHn+UUxk5of+SYsjtfs3VpnlC7QLzSI5hY/rOAw==",
			"cpu": [
				"arm64"
			],
			"dev": true,
			"license": "MIT",
			"optional": true,
			"os": [
				"freebsd"
			],
			"engines": {
				"node": ">=18"
			}
		},
		"node_modules/@esbuild/freebsd-x64": {
			"version": "0.28.1",
			"resolved": "https://registry.npmjs.org/@esbuild/freebsd-x64/-/freebsd-x64-0.28.1.tgz",
			"integrity": "sha512-i7dZ9vQgnvSCzi/rYCXNgtF/U+eKZNJBzu3eTQbRgHnM7tNSizLOkRFAl3qzVc/Op/u5YkHHa4pf/3DOYHthLQ==",
			"cpu": [
				"x64"
			],
			"dev": true,
			"license": "MIT",
			"optional": true,
			"os": [
				"freebsd"
			],
			"engines": {
				"node": ">=18"
			}
		},
		"node_modules/@esbuild/linux-arm": {
			"version": "0.28.1",
			"resolved": "https://registry.npmjs.org/@esbuild/linux-arm/-/linux-arm-0.28.1.tgz",
			"integrity": "sha512-qVXBOHQS+d5Y722GwJzJUtOLlX7km3CraOaGormF1pDtPd2C/l1SHRPgjLunLGe51Sh5YYWKMFDyV4SxgMQYTQ==",
			"cpu": [
				"arm"
			],
			"dev": true,
			"license": "MIT",
			"optional": true,
			"os": [
				"linux"
			],
			"engines": {
				"node": ">=18"
			}
		},
		"node_modules/@esbuild/linux-arm64": {
			"version": "0.28.1",
			"resolved": "https://registry.npmjs.org/@esbuild/linux-arm64/-/linux-arm64-0.28.1.tgz",
			"integrity": "sha512-yHs+0uc8+nvEAfAfxrWQKK5peSNzBc4PegcMO0EJ2hT71uA7vB8Ihg2e77R2P7SG5uYjPbHlLLmve4LLLRCf0g==",
			"cpu": [
				"arm64"
			],
			"dev": true,
			"license": "MIT",
			"optional": true,
			"os": [
				"linux"
			],
			"engines": {
				"node": ">=18"
			}
		},
		"node_modules/@esbuild/linux-ia32": {
			"version": "0.28.1",
			"resolved": "https://registry.npmjs.org/@esbuild/linux-ia32/-/linux-ia32-0.28.1.tgz",
			"integrity": "sha512-d1z4ZuP0ajrfz/FhGT4vv278rX8KnPPJx8i5+AtK7TYbx9Le9F1hyzurZpkEyjkGa9dUGhQow4C1NmeGvqxN2w==",
			"cpu": [
				"ia32"
			],
			"dev": true,
			"license": "MIT",
			"optional": true,
			"os": [
				"linux"
			],
			"engines": {
				"node": ">=18"
			}
		},
		"node_modules/@esbuild/linux-loong64": {
			"version": "0.28.1",
			"resolved": "https://registry.npmjs.org/@esbuild/linux-loong64/-/linux-loong64-0.28.1.tgz",
			"integrity": "sha512-M5sRjUVZrkm1OAPR3dlOYzNmN+loZKGVi1VUQGrwuqLcbR6qeAz+famMhjASeH3YVKvZz+zT1jlh/keC3Rj/lg==",
			"cpu": [
				"loong64"
			],
			"dev": true,
			"license": "MIT",
			"optional": true,
			"os": [
				"linux"
			],
			"engines": {
				"node": ">=18"
			}
		},
		"node_modules/@esbuild/linux-mips64el": {
			"version": "0.28.1",
			"resolved": "https://registry.npmjs.org/@esbuild/linux-mips64el/-/linux-mips64el-0.28.1.tgz",
			"integrity": "sha512-mRObBZeHh2OxcBFPWE/FjylkRgZdYuiTR3vaTozquCGOH14iP9oN4x4Ge81CoIDYQrXmIxpFumJBu5MtZpnQJQ==",
			"cpu": [
				"mips64el"
			],
			"dev": true,
			"license": "MIT",
			"optional": true,
			"os": [
				"linux"
			],
			"engines": {
				"node": ">=18"
			}
		},
		"node_modules/@esbuild/linux-ppc64": {
			"version": "0.28.1",
			"resolved": "https://registry.npmjs.org/@esbuild/linux-ppc64/-/linux-ppc64-0.28.1.tgz",
			"integrity": "sha512-slScBsMAb3GFDcdrCgLwZtPYRoH2H/youv10QiZyRjmsP48fznoveWytSgCI/R0ZcUgpc0ZhIUEx6LHts8yrfQ==",
			"cpu": [
				"ppc64"
			],
			"dev": true,
			"license": "MIT",
			"optional": true,
			"os": [
				"linux"
			],
			"engines": {
				"node": ">=18"
			}
		},
		"node_modules/@esbuild/linux-riscv64": {
			"version": "0.28.1",
			"resolved": "https://registry.npmjs.org/@esbuild/linux-riscv64/-/linux-riscv64-0.28.1.tgz",
			"integrity": "sha512-kw0owk1o0GFETUJyW0jc0G4Yzs0BHZn0JDZ8JRT088vjJYX777BAs1fDGxAC+q831qOs2DTC96mNsG2opdfyyQ==",
			"cpu": [
				"riscv64"
			],
			"dev": true,
			"license": "MIT",
			"optional": true,
			"os": [
				"linux"
			],
			"engines": {
				"node": ">=18"
			}
		},
		"node_modules/@esbuild/linux-s390x": {
			"version": "0.28.1",
			"resolved": "https://registry.npmjs.org/@esbuild/linux-s390x/-/linux-s390x-0.28.1.tgz",
			"integrity": "sha512-/lAIjX8aYFRByhh6L5rYtPEDRqa9de/4V/juOXcta5frjvzXO4/sqEtyytse0g3zZFuWu5cDN0MkLz2qRDD2Ag==",
			"cpu": [
				"s390x"
			],
			"dev": true,
			"license": "MIT",
			"optional": true,
			"os": [
				"linux"
			],
			"engines": {
				"node": ">=18"
			}
		},
		"node_modules/@esbuild/linux-x64": {
			"version": "0.28.1",
			"resolved": "https://registry.npmjs.org/@esbuild/linux-x64/-/linux-x64-0.28.1.tgz",
			"integrity": "sha512-u/anNYF2mmVOEDwLtnQ1wOr3EZ9sTNGLWrsYGYwHWzGA3Si84IOkHXlbWTD1NB+9/1lcnweYKO54uhxZydNzfA==",
			"cpu": [
				"x64"
			],
			"dev": true,
			"license": "MIT",
			"optional": true,
			"os": [
				"linux"
			],
			"engines": {
				"node": ">=18"
			}
		},
		"node_modules/@esbuild/netbsd-arm64": {
			"version": "0.28.1",
			"resolved": "https://registry.npmjs.org/@esbuild/netbsd-arm64/-/netbsd-arm64-0.28.1.tgz",
			"integrity": "sha512-oks0DYbLwWMmaakTsCb+zL4E+aHRVLom9IJZOAthMQEPiQmydXHkziYEsGYRx0uNV/IjEKGAV941JzH02pflqw==",
			"cpu": [
				"arm64"
			],
			"dev": true,
			"license": "MIT",
			"optional": true,
			"os": [
				"netbsd"
			],
			"engines": {
				"node": ">=18"
			}
		},
		"node_modules/@esbuild/netbsd-x64": {
			"version": "0.28.1",
			"resolved": "https://registry.npmjs.org/@esbuild/netbsd-x64/-/netbsd-x64-0.28.1.tgz",
			"integrity": "sha512-aeL6lAnN89Hz43Mlh1G8ARasbuoYvSITDEx0tHh5b7jJnHcssqgjy9Yx430GDpmCa6OyrKoS0aNRjKundRizGg==",
			"cpu": [
				"x64"
			],
			"dev": true,
			"license": "MIT",
			"optional": true,
			"os": [
				"netbsd"
			],
			"engines": {
				"node": ">=18"
			}
		},
		"node_modules/@esbuild/openbsd-arm64": {
			"version": "0.28.1",
			"resolved": "https://registry.npmjs.org/@esbuild/openbsd-arm64/-/openbsd-arm64-0.28.1.tgz",
			"integrity": "sha512-MEFJe5C3R8pwXdZ5Y21oo6m7ePiS0d9pWucn99O/wvyJZChoIQKrQDxKrGeW8F5+T0okTHesAmDeiHDTIq0V/Q==",
			"cpu": [
				"arm64"
			],
			"dev": true,
			"license": "MIT",
			"optional": true,
			"os": [
				"openbsd"
			],
			"engines": {
				"node": ">=18"
			}
		},
		"node_modules/@esbuild/openbsd-x64": {
			"version": "0.28.1",
			"resolved": "https://registry.npmjs.org/@esbuild/openbsd-x64/-/openbsd-x64-0.28.1.tgz",
			"integrity": "sha512-i/ZLIOafE0Z8cI/XANJAixoJL/uRAoS2xOA3rb0xN+KK0K177cMAsQYkzHtBrtMXAKuAc7HGgcWiZ/sRC1Nxgw==",
			"cpu": [
				"x64"
			],
			"dev": true,
			"license": "MIT",
			"optional": true,
			"os": [
				"openbsd"
			],
			"engines": {
				"node": ">=18"
			}
		},
		"node_modules/@esbuild/openharmony-arm64": {
			"version": "0.28.1",
			"resolved": "https://registry.npmjs.org/@esbuild/openharmony-arm64/-/openharmony-arm64-0.28.1.tgz",
			"integrity": "sha512-ge+Z7EXFNt2BO1oAMsVpiQ8EwndV9i1xXerAeTIK7AtPs3bKFXQM7nlRxDSIUIMeueR1CNXxqztLzdNeReKBJg==",
			"cpu": [
				"arm64"
			],
			"dev": true,
			"license": "MIT",
			"optional": true,
			"os": [
				"openharmony"
			],
			"engines": {
				"node": ">=18"
			}
		},
		"node_modules/@esbuild/sunos-x64": {
			"version": "0.28.1",
			"resolved": "https://registry.npmjs.org/@esbuild/sunos-x64/-/sunos-x64-0.28.1.tgz",
			"integrity": "sha512-BEjgtECkL3vY+SaSQ6nzVfiALUeFxpawyp8Jmf5PtYhf1Ug40N1h/hxlhts+f1FvSvarEigdxS3BlSMI2PJLcQ==",
			"cpu": [
				"x64"
			],
			"dev": true,
			"license": "MIT",
			"optional": true,
			"os": [
				"sunos"
			],
			"engines": {
				"node": ">=18"
			}
		},
		"node_modules/@esbuild/win32-arm64": {
			"version": "0.28.1",
			"resolved": "https://registry.npmjs.org/@esbuild/win32-arm64/-/win32-arm64-0.28.1.tgz",
			"integrity": "sha512-lCv9eK/H6ZJWbE7bh2nw54CZ9M2nupBxJcTsdk/QQnWkdSjKGuxmmH8/GWrlT1eMmZfn4dGcCjRte397WqfQXA==",
			"cpu": [
				"arm64"
			],
			"dev": true,
			"license": "MIT",
			"optional": true,
			"os": [
				"win32"
			],
			"engines": {
				"node": ">=18"
			}
		},
		"node_modules/@esbuild/win32-ia32": {
			"version": "0.28.1",
			"resolved": "https://registry.npmjs.org/@esbuild/win32-ia32/-/win32-ia32-0.28.1.tgz",
			"integrity": "sha512-zvb/mB2bSCoJOpoCBgYKKpX6YM6mJBlBUVUtVj41DlZJVEB6/0CKlRYxP5wWl1C1ILiCoAU5wZZ4q1P3qeS6Eg==",
			"cpu": [
				"ia32"
			],
			"dev": true,
			"license": "MIT",
			"optional": true,
			"os": [
				"win32"
			],
			"engines": {
				"node": ">=18"
			}
		},
		"node_modules/@esbuild/win32-x64": {
			"version": "0.28.1",
			"resolved": "https://registry.npmjs.org/@esbuild/win32-x64/-/win32-x64-0.28.1.tgz",
			"integrity": "sha512-bm4Mowrv+GXMlpWX++EcXw/iLyd1o3+bJkC2DkWXYVvgZCqD/bSj9ctZeAMC3cIxgjRVR2Dufaiu4YPxr5gW1A==",
			"cpu": [
				"x64"
			],
			"dev": true,
			"license": "MIT",
			"optional": true,
			"os": [
				"win32"
			],
			"engines": {
				"node": ">=18"
			}
		},
		"node_modules/@smithy/core": {
			"version": "3.35.0",
			"resolved": "https://registry.npmjs.org/@smithy/core/-/core-3.35.0.tgz",
			"integrity": "sha512-zRMhfkByhT2snNdr1si24vJitU6Cr9ix2MikUfWmkAgp4jrNP0GcKSP5YvwQ+TlI8AZXER5QOGJn3JsVtSD9/A==",
			"license": "Apache-2.0",
			"dependencies": {
				"@smithy/types": "^4.19.0",
				"tslib": "^2.6.2"
			},
			"engines": {
				"node": ">=18.0.0"
			}
		},
		"node_modules/@smithy/credential-provider-imds": {
			"version": "4.5.2",
			"resolved": "https://registry.npmjs.org/@smithy/credential-provider-imds/-/credential-provider-imds-4.5.2.tgz",
			"integrity": "sha512-A9uSdn72ozbRUSit0eib0TW7nXuNPlaeM0zcGkJ+nE6tFcSDbnmtwoxbTCFBukVQcszDAyvsd7+rTduPTXpygg==",
			"license": "Apache-2.0",
			"dependencies": {
				"@smithy/core": "^3.33.2",
				"@smithy/types": "^4.17.2",
				"tslib": "^2.6.2"
			},
			"engines": {
				"node": ">=18.0.0"
			}
		},
		"node_modules/@smithy/fetch-http-handler": {
			"version": "5.8.0",
			"resolved": "https://registry.npmjs.org/@smithy/fetch-http-handler/-/fetch-http-handler-5.8.0.tgz",
			"integrity": "sha512-ycSJu3tFAQ4v04CBB0agqFMVsSQ1iG3yw+SpgxRqKfaURpQD4CZ8Wn0zPMmSnOuTpTh65Vz+EA0rMrw089wvkA==",
			"license": "Apache-2.0",
			"dependencies": {
				"@smithy/core": "^3.33.3",
				"@smithy/types": "^4.18.0",
				"tslib": "^2.6.2"
			},
			"engines": {
				"node": ">=18.0.0"
			}
		},
		"node_modules/@smithy/node-http-handler": {
			"version": "4.12.1",
			"resolved": "https://registry.npmjs.org/@smithy/node-http-handler/-/node-http-handler-4.12.1.tgz",
			"integrity": "sha512-ThMkboGeONWXAelq9FvGsuJC4rOi+qyC4/zhUF58xYpxUg5sQKx2VXZYJmtNjr4dSuBJ1HeJXETQILCz3wOHvw==",
			"license": "Apache-2.0",
			"dependencies": {
				"@smithy/core": "^3.33.3",
				"@smithy/types": "^4.18.0",
				"tslib": "^2.6.2"
			},
			"engines": {
				"node": ">=18.0.0"
			}
		},
		"node_modules/@smithy/signature-v4": {
			"version": "5.7.4",
			"resolved": "https://registry.npmjs.org/@smithy/signature-v4/-/signature-v4-5.7.4.tgz",
			"integrity": "sha512-tHy0K0VtqNd5Y7Y41h0a0Lhh0L1GzC08dTWg0F7vRJWFtTENg7IZikf3wQkanYIRdb7ngoIPMTmqgUi401fEeQ==",
			"license": "Apache-2.0",
			"dependencies": {
				"@smithy/core": "^3.35.0",
				"@smithy/types": "^4.19.0",
				"tslib": "^2.6.2"
			},
			"engines": {
				"node": ">=18.0.0"
			}
		},
		"node_modules/@smithy/types": {
			"version": "4.19.0",
			"resolved": "https://registry.npmjs.org/@smithy/types/-/types-4.19.0.tgz",
			"integrity": "sha512-r7jh49VJxGerfAcTQA6gXcKc+98zOp/tqRwzYjgOE+iSQsP6cEU1hq2QzbuipmP68QtYdY9wKEhiCQZIzHgZ4Q==",
			"license": "Apache-2.0",
			"dependencies": {
				"tslib": "^2.6.2"
			},
			"engines": {
				"node": ">=18.0.0"
			}
		},
		"node_modules/@types/node": {
			"version": "26.6.3",
			"resolved": "https://registry.npmjs.org/@types/node/-/node-26.6.3.tgz",
			"integrity": "sha512-dsqMQQoeTLqu9wynDD00q573mNzso3IdQOAfHRJqLCcmCFPoGo9A1bDpUcv/9tnKpErQWv9uKeGfl37EIS02Yg==",
			"dev": true,
			"license": "MIT",
			"dependencies": {
				"undici-types": "~8.9.0"
			}
		},
		"node_modules/@types/semver": {
			"version": "7.8.0",
			"resolved": "https://registry.npmjs.org/@types/semver/-/semver-7.8.0.tgz",
			"integrity": "sha512-1mAINjtQCXXeLkJ9ehXkwOcBpqtLxiVtKhpUf83DdRNdQKV0iXZpaHYqRr7nj+wvxuJzoAmAwXI+sCNMv1CzLQ==",
			"dev": true,
			"license": "MIT"
		},
		"node_modules/@types/yargs": {
			"version": "17.0.35",
			"resolved": "https://registry.npmjs.org/@types/yargs/-/yargs-17.0.35.tgz",
			"integrity": "sha512-qUHkeCyQFxMXg79wQfTtfndEC+N9ZZg76HJftDJp+qH2tV7Gj4OJi7l+PiWwJ+pWtW8GwSmqsDj/oymhrTWXjg==",
			"dev": true,
			"license": "MIT",
			"dependencies": {
				"@types/yargs-parser": "*"
			}
		},
		"node_modules/@types/yargs-parser": {
			"version": "21.0.3",
			"resolved": "https://registry.npmjs.org/@types/yargs-parser/-/yargs-parser-21.0.3.tgz",
			"integrity": "sha512-I4q9QU9MQv4oEOz4tAHJtNz1cwuLxn2F3xcc2iV5WdqLPpUnj30aUuxt1mAxYTG+oe8CZMV/+6rU4S4gRDzqtQ==",
			"dev": true,
			"license": "MIT"
		},
		"node_modules/ansi-regex": {
			"version": "6.2.2",
			"resolved": "https://registry.npmjs.org/ansi-regex/-/ansi-regex-6.2.2.tgz",
			"integrity": "sha512-Bq3SmSpyFHaWjPk8If9yc6svM8c56dB5BAtW4Qbw5jHTwwXXcTLoRMkpDJp6VL0XzlWaCHTXrkFURMYmD0sLqg==",
			"license": "MIT",
			"engines": {
				"node": ">=12"
			},
			"funding": {
				"url": "https://github.com/chalk/ansi-regex?sponsor=1"
			}
		},
		"node_modules/ansi-styles": {
			"version": "6.2.3",
			"resolved": "https://registry.npmjs.org/ansi-styles/-/ansi-styles-6.2.3.tgz",
			"integrity": "sha512-4Dj6M28JB+oAH8kFkTLUo+a2jwOFkuqb3yucU0CANcRRUbxS0cP0nZYCGjcc3BNXwRIsUVmDGgzawme7zvJHvg==",
			"license": "MIT",
			"engines": {
				"node": ">=12"
			},
			"funding": {
				"url": "https://github.com/chalk/ansi-styles?sponsor=1"
			}
		},
		"node_modules/bowser": {
			"version": "2.14.1",
			"resolved": "https://registry.npmjs.org/bowser/-/bowser-2.14.1.tgz",
			"integrity": "sha512-tzPjzCxygAKWFOJP011oxFHs57HzIhOEracIgAePE4pqB3LikALKnSzUyU4MGs9/iCEUuHlAJTjTc5M+u7YEGg==",
			"license": "MIT"
		},
		"node_modules/cliui": {
			"version": "9.0.1",
			"resolved": "https://registry.npmjs.org/cliui/-/cliui-9.0.1.tgz",
			"integrity": "sha512-k7ndgKhwoQveBL+/1tqGJYNz097I7WOvwbmmU2AR5+magtbjPWQTS1C5vzGkBC8Ym8UWRzfKUzUUqFLypY4Q+w==",
			"license": "ISC",
			"dependencies": {
				"string-width": "^7.2.0",
				"strip-ansi": "^7.1.0",
				"wrap-ansi": "^9.0.0"
			},
			"engines": {
				"node": ">=20"
			}
		},
		"node_modules/dotenv": {
			"version": "18.0.4",
			"resolved": "https://registry.npmjs.org/dotenv/-/dotenv-18.0.4.tgz",
			"integrity": "sha512-jGt9uI5BIxpVO15kvy+iEFqNAwxYClKWnkptLjSNPnFLC003Imd0ofr3aEVsbpHdSBdSsbcApNIlz4nbyGMwdA==",
			"license": "BSD-2-Clause",
			"bin": {
				"dotenv": "dist/index.cjs"
			},
			"engines": {
				"node": ">=12"
			},
			"funding": {
				"url": "https://dotenvx.com"
			}
		},
		"node_modules/emoji-regex": {
			"version": "10.6.0",
			"resolved": "https://registry.npmjs.org/emoji-regex/-/emoji-regex-10.6.0.tgz",
			"integrity": "sha512-toUI84YS5YmxW219erniWD0CIVOo46xGKColeNQRgOzDorgBi1v4D71/OFzgD9GO2UGKIv1C3Sp8DAn0+j5w7A==",
			"license": "MIT"
		},
		"node_modules/esbuild": {
			"version": "0.28.1",
			"resolved": "https://registry.npmjs.org/esbuild/-/esbuild-0.28.1.tgz",
			"integrity": "sha512-HrJrvZv5ayxBzPfwphOoNzkzOIIlifzk0KJrGK2c8R4+LKpMtpYLQeUdjnwjWv/LZlkH2laZk+4w78pi99D4Vw==",
			"dev": true,
			"hasInstallScript": true,
			"license": "MIT",
			"bin": {
				"esbuild": "bin/esbuild"
			},
			"engines": {
				"node": ">=18"
			},
			"optionalDependencies": {
				"@esbuild/aix-ppc64": "0.28.1",
				"@esbuild/android-arm": "0.28.1",
				"@esbuild/android-arm64": "0.28.1",
				"@esbuild/android-x64": "0.28.1",
				"@esbuild/darwin-arm64": "0.28.1",
				"@esbuild/darwin-x64": "0.28.1",
				"@esbuild/freebsd-arm64": "0.28.1",
				"@esbuild/freebsd-x64": "0.28.1",
				"@esbuild/linux-arm": "0.28.1",
				"@esbuild/linux-arm64": "0.28.1",
				"@esbuild/linux-ia32": "0.28.1",
				"@esbuild/linux-loong64": "0.28.1",
				"@esbuild/linux-mips64el": "0.28.1",
				"@esbuild/linux-ppc64": "0.28.1",
				"@esbuild/linux-riscv64": "0.28.1",
				"@esbuild/linux-s390x": "0.28.1",
				"@esbuild/linux-x64": "0.28.1",
				"@esbuild/netbsd-arm64": "0.28.1",
				"@esbuild/netbsd-x64": "0.28.1",
				"@esbuild/openbsd-arm64": "0.28.1",
				"@esbuild/openbsd-x64": "0.28.1",
				"@esbuild/openharmony-arm64": "0.28.1",
				"@esbuild/sunos-x64": "0.28.1",
				"@esbuild/win32-arm64": "0.28.1",
				"@esbuild/win32-ia32": "0.28.1",
				"@esbuild/win32-x64": "0.28.1"
			}
		},
		"node_modules/escalade": {
			"version": "3.2.0",
			"resolved": "https://registry.npmjs.org/escalade/-/escalade-3.2.0.tgz",
			"integrity": "sha512-WUj2qlxaQtO4g6Pq5c29GTcWGDyd8itL8zTlipgECz3JesAiiOKotd8JU6otB3PACgG6xkJUyVhboMS+bje/jA==",
			"license": "MIT",
			"engines": {
				"node": ">=6"
			}
		},
		"node_modules/fsevents": {
			"version": "2.3.3",
			"resolved": "https://registry.npmjs.org/fsevents/-/fsevents-2.3.3.tgz",
			"integrity": "sha512-5xoDfX+fL7faATnagmWPpbFtwh/R77WmMMqqHGS65C3vvB0YHrgF+B1YmZ3441tMj5n63k0212XNoJwzlhffQw==",
			"dev": true,
			"hasInstallScript": true,
			"license": "MIT",
			"optional": true,
			"os": [
				"darwin"
			],
			"engines": {
				"node": "^8.16.0 || ^10.6.0 || >=11.0.0"
			}
		},
		"node_modules/get-caller-file": {
			"version": "2.0.5",
			"resolved": "https://registry.npmjs.org/get-caller-file/-/get-caller-file-2.0.5.tgz",
			"integrity": "sha512-DyFP3BM/3YHTQOCUL/w0OZHR0lpKeGrxotcHWcqNEdnltqFwXVfhEBQ94eIo34AfQpo0rGki4cyIiftY06h2Fg==",
			"license": "ISC",
			"engines": {
				"node": "6.* || 8.* || >= 10.*"
			}
		},
		"node_modules/get-east-asian-width": {
			"version": "1.6.0",
			"resolved": "https://registry.npmjs.org/get-east-asian-width/-/get-east-asian-width-1.6.0.tgz",
			"integrity": "sha512-QRbvDIbx6YklUe6RxeTeleMR0yv3cYH6PsPZHcnVn7xv7zO1BHN8r0XETu8n6Ye3Q+ahtSarc3WgtNWmehIBfA==",
			"license": "MIT",
			"engines": {
				"node": ">=18"
			},
			"funding": {
				"url": "https://github.com/sponsors/sindresorhus"
			}
		},
		"node_modules/semver": {
			"version": "7.8.5",
			"resolved": "https://registry.npmjs.org/semver/-/semver-7.8.5.tgz",
			"integrity": "sha512-Y7/KDsb8LjooZpwaqGyulO6DQlksgCncchHGk+sZIY4SBvUocMBEFH5Ur1fI4dV+Jvl0w6cjvucaIi40puRioA==",
			"license": "ISC",
			"bin": {
				"semver": "bin/semver.js"
			},
			"engines": {
				"node": ">=10"
			}
		},
		"node_modules/string-width": {
			"version": "7.2.0",
			"resolved": "https://registry.npmjs.org/string-width/-/string-width-7.2.0.tgz",
			"integrity": "sha512-tsaTIkKW9b4N+AEj+SVA+WhJzV7/zMhcSu78mLKWSk7cXMOSHsBKFWUs0fWwq8QyK3MgJBQRX6Gbi4kYbdvGkQ==",
			"license": "MIT",
			"dependencies": {
				"emoji-regex": "^10.3.0",
				"get-east-asian-width": "^1.0.0",
				"strip-ansi": "^7.1.0"
			},
			"engines": {
				"node": ">=18"
			},
			"funding": {
				"url": "https://github.com/sponsors/sindresorhus"
			}
		},
		"node_modules/strip-ansi": {
			"version": "7.2.0",
			"resolved": "https://registry.npmjs.org/strip-ansi/-/strip-ansi-7.2.0.tgz",
			"integrity": "sha512-yDPMNjp4WyfYBkHnjIRLfca1i6KMyGCtsVgoKe/z1+6vukgaENdgGBZt+ZmKPc4gavvEZ5OgHfHdrazhgNyG7w==",
			"license": "MIT",
			"dependencies": {
				"ansi-regex": "^6.2.2"
			},
			"engines": {
				"node": ">=12"
			},
			"funding": {
				"url": "https://github.com/chalk/strip-ansi?sponsor=1"
			}
		},
		"node_modules/tslib": {
			"version": "2.8.1",
			"resolved": "https://registry.npmjs.org/tslib/-/tslib-2.8.1.tgz",
			"integrity": "sha512-oJFu94HQb+KVduSUQL7wnpmqnfmLsOA/nAh6b6EH0wCEoK0/mPeXU6c3wKDV83MkOuHPRHtSXKKU99IBazS/2w==",
			"license": "0BSD"
		},
		"node_modules/tsx": {
			"version": "4.23.15",
			"resolved": "https://registry.npmjs.org/tsx/-/tsx-4.23.15.tgz",
			"integrity": "sha512-Yiex1Ovn8z2xPpOWckIiysV1SSyRMY9BkLF++q0yKiDxCqRhosKfMg3janKkiLBwZ5c/YryloKwGZcrEmtwxKw==",
			"dev": true,
			"license": "MIT",
			"dependencies": {
				"esbuild": "~0.28.0"
			},
			"bin": {
				"tsx": "dist/cli.mjs"
			},
			"engines": {
				"node": ">=18.0.0"
			},
			"optionalDependencies": {
				"fsevents": "~2.3.3"
			}
		},
		"node_modules/undici-types": {
			"version": "8.9.0",
			"resolved": "https://registry.npmjs.org/undici-types/-/undici-types-8.9.0.tgz",
			"integrity": "sha512-KTDyRTYX8sWmKXAikPHHSyc63CRPETMctyjKFupcC6OBLXT3xsN0e9aF7m+mIXutFWpUXuedtowG7iLOzp0kQg==",
			"dev": true,
			"license": "MIT"
		},
		"node_modules/wrap-ansi": {
			"version": "9.0.2",
			"resolved": "https://registry.npmjs.org/wrap-ansi/-/wrap-ansi-9.0.2.tgz",
			"integrity": "sha512-42AtmgqjV+X1VpdOfyTGOYRi0/zsoLqtXQckTmqTeybT+BDIbM/Guxo7x3pE2vtpr1ok6xRqM9OpBe+Jyoqyww==",
			"license": "MIT",
			"dependencies": {
				"ansi-styles": "^6.2.1",
				"string-width": "^7.0.0",
				"strip-ansi": "^7.1.0"
			},
			"engines": {
				"node": ">=18"
			},
			"funding": {
				"url": "https://github.com/chalk/wrap-ansi?sponsor=1"
			}
		},
		"node_modules/y18n": {
			"version": "5.0.8",
			"resolved": "https://registry.npmjs.org/y18n/-/y18n-5.0.8.tgz",
			"integrity": "sha512-0pfFzegeDWJHJIAmTLRP2DwHjdF5s7jo9tuztdQxAhINCdvS+3nGINqPd00AphqJR/0LhANUS6/+7SCb98YOfA==",
			"license": "ISC",
			"engines": {
				"node": ">=10"
			}
		},
		"node_modules/yargs": {
			"version": "18.2.0",
			"resolved": "https://registry.npmjs.org/yargs/-/yargs-18.2.0.tgz",
			"integrity": "sha512-9OpKOLeaoNFecEp7P6iYbzze/5CqWoH7N3SMs/6y1XF4nMvFMspEGZzJ6uFi9MmQwXhyzqYoSEKO3tvA3Z/o2w==",
			"license": "MIT",
			"dependencies": {
				"cliui": "^9.0.1",
				"escalade": "^3.1.1",
				"get-caller-file": "^2.0.5",
				"string-width": "^8.2.1",
				"y18n": "^5.0.5",
				"yargs-parser": "^22.0.0"
			},
			"engines": {
				"node": "^20.19.0 || ^22.12.0 || >=23"
			}
		},
		"node_modules/yargs-parser": {
			"version": "22.0.0",
			"resolved": "https://registry.npmjs.org/yargs-parser/-/yargs-parser-22.0.0.tgz",
			"integrity": "sha512-rwu/ClNdSMpkSrUb+d6BRsSkLUq1fmfsY6TOpYzTwvwkg1/NRG85KBy3kq++A8LKQwX6lsu+aWad+2khvuXrqw==",
			"license": "ISC",
			"engines": {
				"node": "^20.19.0 || ^22.12.0 || >=23"
			}
		},
		"node_modules/yargs/node_modules/string-width": {
			"version": "8.2.2",
			"resolved": "https://registry.npmjs.org/string-width/-/string-width-8.2.2.tgz",
			"integrity": "sha512-GaPUh5gfdrYzqeVNZvUfT23vYYxXzKYidUcnMtJg/3rxRV63EFZy3k6xfKlmfeJD0176lnUV/Usr3XcwSvFzpg==",
			"license": "MIT",
			"dependencies": {
				"get-east-asian-width": "^1.5.0",
				"strip-ansi": "^7.1.2"
			},
			"engines": {
				"node": ">=20"
			},
			"funding": {
				"url": "https://github.com/sponsors/sindresorhus"
			}
		}
	}
}
