# This file is automatically @generated by Poetry 2.2.1 and should not be changed by hand.

[[package]]
name = "docopt"
version = "0.6.2"
description = "Pythonic argument parser, that will make you smile"
optional = false
python-versions = "*"
groups = ["main"]
files = [
    {file = "docopt-0.6.2.tar.gz", hash = "sha256:49b3a825280bd66b3aa83585ef59c4a8c82f2c8a522dbe754a8bc8d08c85c491"},
]

[[package]]
name = "hdate"
version = "1.0.0"
description = "Jewish/Hebrew date and Zmanim in native Python 2.7/3.x"
optional = false
python-versions = ">=3.9"
groups = ["main"]
files = [
    {file = "hdate-1.0.0-py3-none-any.whl", hash = "sha256:ed098eb99af42ae7f343f3764d482b732faec1682a00a624975171a92229e806"},
    {file = "hdate-1.0.0.tar.gz", hash = "sha256:fe18081ce92cddd444f94defb0ed97495108ec912794a592db650053ad50203b"},
]

[package.dependencies]
num2words = ">=0.5.14"

[package.extras]
astral = ["astral (>=2.2,<3.0)"]

[[package]]
name = "num2words"
version = "0.5.14"
description = "Modules to convert numbers to words. Easily extensible."
optional = false
python-versions = "*"
groups = ["main"]
files = [
    {file = "num2words-0.5.14-py3-none-any.whl", hash = "sha256:1c8e5b00142fc2966fd8d685001e36c4a9911e070d1b120e1beb721fa1edb33d"},
    {file = "num2words-0.5.14.tar.gz", hash = "sha256:b066ec18e56b6616a3b38086b5747daafbaa8868b226a36127e0451c0cf379c6"},
]

[package.dependencies]
docopt = ">=0.6.2"

[[package]]
name = "tzdata"
version = "2024.2"
description = "Provider of IANA time zone data"
optional = false
python-versions = ">=2"
groups = ["main"]
files = [
    {file = "tzdata-2024.2-py2.py3-none-any.whl", hash = "sha256:a48093786cdcde33cad18c2555e8532f34422074448fbc874186f0abd79565cd"},
    {file = "tzdata-2024.2.tar.gz", hash = "sha256:7d85cc416e9382e69095b7bdf4afd9e3880418a2413feec7069d533d6b4e31cc"},
]

[metadata]
lock-version = "2.1"
python-versions = "^3.12"
content-hash = "b5ea231d2539afc8587f305b5fa330fbbfc3e49ac27d93480497ced1453aadd9"
