# This file is automatically @generated by Poetry 2.2.1 and should not be changed by hand.

[[package]]
name = "docopt"
version = "0.6.2"
description = "Pythonic argument parser, that will make you smile"
optional = false
python-versions = "*"
groups = ["main"]
files = [
    {file = "docopt-0.6.2.tar.gz", hash = "sha256:49b3a825280bd66b3aa83585ef59c4a8c82f2c8a522dbe754a8bc8d08c85c491"},
]

[[package]]
name = "hdate"
version = "1.1.2"
description = "Jewish/Hebrew date and Zmanim in native Python 2.7/3.x"
optional = false
python-versions = ">=3.9"
groups = ["main"]
files = [
    {file = "hdate-1.1.2-py3-none-any.whl", hash = "sha256:e04b8433e37e10f03b4dd5a7479648f2ca17761d5501e0e299659a427bad0926"},
    {file = "hdate-1.1.2.tar.gz", hash = "sha256:6c98f723807e8482f8a72d384c209e45ba0189d5bb0e24360f79110658a1c244"},
]

[package.dependencies]
num2words = ">=0.5.14"

[package.extras]
astral = ["astral (>=2.2)"]

[[package]]
name = "num2words"
version = "0.5.14"
description = "Modules to convert numbers to words. Easily extensible."
optional = false
python-versions = "*"
groups = ["main"]
files = [
    {file = "num2words-0.5.14-py3-none-any.whl", hash = "sha256:1c8e5b00142fc2966fd8d685001e36c4a9911e070d1b120e1beb721fa1edb33d"},
    {file = "num2words-0.5.14.tar.gz", hash = "sha256:b066ec18e56b6616a3b38086b5747daafbaa8868b226a36127e0451c0cf379c6"},
]

[package.dependencies]
docopt = ">=0.6.2"

[[package]]
name = "tzdata"
version = "2025.3"
description = "Provider of IANA time zone data"
optional = false
python-versions = ">=2"
groups = ["main"]
files = [
    {file = "tzdata-2025.3-py2.py3-none-any.whl", hash = "sha256:06a47e5700f3081aab02b2e513160914ff0694bce9947d6b76ebd6bf57cfc5d1"},
    {file = "tzdata-2025.3.tar.gz", hash = "sha256:de39c2ca5dc7b0344f2eba86f49d614019d29f060fc4ebc8a417896a620b56a7"},
]

[metadata]
lock-version = "2.1"
python-versions = "^3.14"
content-hash = "a934b0903ff7aa5cabd54f2a255c2a0afbb0522f621374e6df46dbf6a5ebb6f4"
